<?xml version="1.0" encoding="UTF-8"?>
<!DOCTYPE plist PUBLIC "-//Apple//DTD PLIST 1.0//EN" "http://www.apple.com/DTDs/PropertyList-1.0.dtd">
<plist version="1.0">
<dict>
	<key>archiveVersion</key>
	<string>1</string>
	<key>classes</key>
	<dict/>
	<key>objectVersion</key>
	<string>46</string>
	<key>objects</key>
	<dict>
		<key>31FE95B403C04894AB32AD87</key>
		<dict>
			<key>buildActionMask</key>
			<string>2147483647</string>
			<key>files</key>
			<array/>
			<key>inputPaths</key>
			<array/>
			<key>isa</key>
			<string>PBXShellScriptBuildPhase</string>
			<key>name</key>
			<string>Copy Pods Resources</string>
			<key>outputPaths</key>
			<array/>
			<key>runOnlyForDeploymentPostprocessing</key>
			<string>0</string>
			<key>shellPath</key>
			<string>/bin/sh</string>
			<key>shellScript</key>
			<string>"${SRCROOT}/Pods/Pods-resources.sh"
</string>
			<key>showEnvVarsInLog</key>
			<string>0</string>
		</dict>
		<key>32306BFF17E970CC001240D7</key>
		<dict>
			<key>fileEncoding</key>
			<string>4</string>
			<key>isa</key>
			<string>PBXFileReference</string>
			<key>lastKnownFileType</key>
			<string>sourcecode.c.h</string>
			<key>name</key>
			<string>PlaynomicsSDK-Prefix.pch</string>
			<key>path</key>
			<string>PlaynomicsSDK/PlaynomicsSDK-Prefix.pch</string>
			<key>sourceTree</key>
			<string>SOURCE_ROOT</string>
		</dict>
		<key>32306C0017E97107001240D7</key>
		<dict>
			<key>fileEncoding</key>
			<string>4</string>
			<key>isa</key>
			<string>PBXFileReference</string>
			<key>lastKnownFileType</key>
			<string>sourcecode.c.objc</string>
			<key>name</key>
			<string>PNFrameResponse.m</string>
			<key>path</key>
			<string>PlaynomicsSDK/PNFrameResponse.m</string>
			<key>sourceTree</key>
			<string>SOURCE_ROOT</string>
		</dict>
		<key>32306C0117E97107001240D7</key>
		<dict>
			<key>fileEncoding</key>
			<string>4</string>
			<key>isa</key>
			<string>PBXFileReference</string>
			<key>lastKnownFileType</key>
			<string>sourcecode.c.objc</string>
			<key>name</key>
			<string>PNFrame.m</string>
			<key>path</key>
			<string>PlaynomicsSDK/PNFrame.m</string>
			<key>sourceTree</key>
			<string>SOURCE_ROOT</string>
		</dict>
		<key>32306C0217E97107001240D7</key>
		<dict>
			<key>fileEncoding</key>
			<string>4</string>
			<key>isa</key>
			<string>PBXFileReference</string>
			<key>lastKnownFileType</key>
			<string>sourcecode.c.h</string>
			<key>name</key>
			<string>PNMessaging.h</string>
			<key>path</key>
			<string>PlaynomicsSDK/PNMessaging.h</string>
			<key>sourceTree</key>
			<string>SOURCE_ROOT</string>
		</dict>
		<key>32306C0317E97107001240D7</key>
		<dict>
			<key>fileEncoding</key>
			<string>4</string>
			<key>isa</key>
			<string>PBXFileReference</string>
			<key>lastKnownFileType</key>
			<string>sourcecode.c.objc</string>
			<key>name</key>
			<string>PNUtil.m</string>
			<key>path</key>
			<string>PlaynomicsSDK/PNUtil.m</string>
			<key>sourceTree</key>
			<string>SOURCE_ROOT</string>
		</dict>
		<key>32306C0417E97107001240D7</key>
		<dict>
			<key>fileEncoding</key>
			<string>4</string>
			<key>isa</key>
			<string>PBXFileReference</string>
			<key>lastKnownFileType</key>
			<string>sourcecode.c.h</string>
			<key>name</key>
			<string>PNAssetRequest.h</string>
			<key>path</key>
			<string>PlaynomicsSDK/PNAssetRequest.h</string>
			<key>sourceTree</key>
			<string>SOURCE_ROOT</string>
		</dict>
		<key>32306C0517E97107001240D7</key>
		<dict>
			<key>fileEncoding</key>
			<string>4</string>
			<key>isa</key>
			<string>PBXFileReference</string>
			<key>lastKnownFileType</key>
			<string>sourcecode.c.objc</string>
			<key>name</key>
			<string>PNEventTransaction.m</string>
			<key>path</key>
			<string>PlaynomicsSDK/PNEventTransaction.m</string>
			<key>sourceTree</key>
			<string>SOURCE_ROOT</string>
		</dict>
		<key>32306C0617E97107001240D7</key>
		<dict>
			<key>fileEncoding</key>
			<string>4</string>
			<key>isa</key>
			<string>PBXFileReference</string>
			<key>lastKnownFileType</key>
			<string>sourcecode.c.objc</string>
			<key>name</key>
			<string>PNFrameRequest.m</string>
			<key>path</key>
			<string>PlaynomicsSDK/PNFrameRequest.m</string>
			<key>sourceTree</key>
			<string>SOURCE_ROOT</string>
		</dict>
		<key>32306C0717E97107001240D7</key>
		<dict>
			<key>fileEncoding</key>
			<string>4</string>
			<key>isa</key>
			<string>PBXFileReference</string>
			<key>lastKnownFileType</key>
			<string>sourcecode.c.objc</string>
			<key>name</key>
			<string>PNNativeImageView.m</string>
			<key>path</key>
			<string>PlaynomicsSDK/PNNativeImageView.m</string>
			<key>sourceTree</key>
			<string>SOURCE_ROOT</string>
		</dict>
		<key>32306C0817E97107001240D7</key>
		<dict>
			<key>fileEncoding</key>
			<string>4</string>
			<key>isa</key>
			<string>PBXFileReference</string>
			<key>lastKnownFileType</key>
			<string>sourcecode.c.objc</string>
			<key>name</key>
			<string>PNNativeViewComponent.m</string>
			<key>path</key>
			<string>PlaynomicsSDK/PNNativeViewComponent.m</string>
			<key>sourceTree</key>
			<string>SOURCE_ROOT</string>
		</dict>
		<key>32306C0917E97107001240D7</key>
		<dict>
			<key>fileEncoding</key>
			<string>4</string>
			<key>isa</key>
			<string>PBXFileReference</string>
			<key>lastKnownFileType</key>
			<string>sourcecode.c.objc</string>
			<key>name</key>
			<string>PNWebView.m</string>
			<key>path</key>
			<string>PlaynomicsSDK/PNWebView.m</string>
			<key>sourceTree</key>
			<string>SOURCE_ROOT</string>
		</dict>
		<key>32306C0A17E97107001240D7</key>
		<dict>
			<key>fileEncoding</key>
			<string>4</string>
			<key>isa</key>
			<string>PBXFileReference</string>
			<key>lastKnownFileType</key>
			<string>sourcecode.c.objc</string>
			<key>name</key>
			<string>PNSession.m</string>
			<key>path</key>
			<string>PlaynomicsSDK/PNSession.m</string>
			<key>sourceTree</key>
			<string>SOURCE_ROOT</string>
		</dict>
		<key>32306C0B17E97107001240D7</key>
		<dict>
			<key>fileEncoding</key>
			<string>4</string>
			<key>isa</key>
			<string>PBXFileReference</string>
			<key>lastKnownFileType</key>
			<string>sourcecode.c.h</string>
			<key>name</key>
			<string>PNFrame.h</string>
			<key>path</key>
			<string>PlaynomicsSDK/PNFrame.h</string>
			<key>sourceTree</key>
			<string>SOURCE_ROOT</string>
		</dict>
		<key>32306C0C17E97107001240D7</key>
		<dict>
			<key>fileEncoding</key>
			<string>4</string>
			<key>isa</key>
			<string>PBXFileReference</string>
			<key>lastKnownFileType</key>
			<string>sourcecode.c.h</string>
			<key>name</key>
			<string>PNNativeImageView.h</string>
			<key>path</key>
			<string>PlaynomicsSDK/PNNativeImageView.h</string>
			<key>sourceTree</key>
			<string>SOURCE_ROOT</string>
		</dict>
		<key>32306C0D17E97108001240D7</key>
		<dict>
			<key>fileEncoding</key>
			<string>4</string>
			<key>isa</key>
			<string>PBXFileReference</string>
			<key>lastKnownFileType</key>
			<string>sourcecode.c.objc</string>
			<key>name</key>
			<string>Playnomics.m</string>
			<key>path</key>
			<string>PlaynomicsSDK/Playnomics.m</string>
			<key>sourceTree</key>
			<string>SOURCE_ROOT</string>
		</dict>
		<key>32306C0E17E97108001240D7</key>
		<dict>
			<key>fileEncoding</key>
			<string>4</string>
			<key>isa</key>
			<string>PBXFileReference</string>
			<key>lastKnownFileType</key>
			<string>sourcecode.c.h</string>
			<key>name</key>
			<string>PNEvent.h</string>
			<key>path</key>
			<string>PlaynomicsSDK/PNEvent.h</string>
			<key>sourceTree</key>
			<string>SOURCE_ROOT</string>
		</dict>
		<key>32306C0F17E97108001240D7</key>
		<dict>
			<key>fileEncoding</key>
			<string>4</string>
			<key>isa</key>
			<string>PBXFileReference</string>
			<key>lastKnownFileType</key>
			<string>sourcecode.c.h</string>
			<key>name</key>
			<string>PNEventUserInfo.h</string>
			<key>path</key>
			<string>PlaynomicsSDK/PNEventUserInfo.h</string>
			<key>sourceTree</key>
			<string>SOURCE_ROOT</string>
		</dict>
		<key>32306C1017E97108001240D7</key>
		<dict>
			<key>fileEncoding</key>
			<string>4</string>
			<key>isa</key>
			<string>PBXFileReference</string>
			<key>lastKnownFileType</key>
			<string>sourcecode.c.objc</string>
			<key>name</key>
			<string>PNEventUserInfo.m</string>
			<key>path</key>
			<string>PlaynomicsSDK/PNEventUserInfo.m</string>
			<key>sourceTree</key>
			<string>SOURCE_ROOT</string>
		</dict>
		<key>32306C1117E97108001240D7</key>
		<dict>
			<key>fileEncoding</key>
			<string>4</string>
			<key>isa</key>
			<string>PBXFileReference</string>
			<key>lastKnownFileType</key>
			<string>sourcecode.c.h</string>
			<key>name</key>
			<string>PNSession.h</string>
			<key>path</key>
			<string>PlaynomicsSDK/PNSession.h</string>
			<key>sourceTree</key>
			<string>SOURCE_ROOT</string>
		</dict>
		<key>32306C1217E97108001240D7</key>
		<dict>
			<key>fileEncoding</key>
			<string>4</string>
			<key>isa</key>
			<string>PBXFileReference</string>
			<key>lastKnownFileType</key>
			<string>sourcecode.c.h</string>
			<key>name</key>
			<string>PNConstants.h</string>
			<key>path</key>
			<string>PlaynomicsSDK/PNConstants.h</string>
			<key>sourceTree</key>
			<string>SOURCE_ROOT</string>
		</dict>
		<key>32306C1317E97108001240D7</key>
		<dict>
			<key>fileEncoding</key>
			<string>4</string>
			<key>isa</key>
			<string>PBXFileReference</string>
			<key>lastKnownFileType</key>
			<string>sourcecode.c.h</string>
			<key>name</key>
			<string>PNFrameResponse.h</string>
			<key>path</key>
			<string>PlaynomicsSDK/PNFrameResponse.h</string>
			<key>sourceTree</key>
			<string>SOURCE_ROOT</string>
		</dict>
		<key>32306C1417E97108001240D7</key>
		<dict>
			<key>fileEncoding</key>
			<string>4</string>
			<key>isa</key>
			<string>PBXFileReference</string>
			<key>lastKnownFileType</key>
			<string>sourcecode.c.h</string>
			<key>name</key>
			<string>PNWebView.h</string>
			<key>path</key>
			<string>PlaynomicsSDK/PNWebView.h</string>
			<key>sourceTree</key>
			<string>SOURCE_ROOT</string>
		</dict>
		<key>32306C1517E97108001240D7</key>
		<dict>
			<key>fileEncoding</key>
			<string>4</string>
			<key>isa</key>
			<string>PBXFileReference</string>
			<key>lastKnownFileType</key>
			<string>sourcecode.c.objc</string>
			<key>name</key>
			<string>PNMessaging.m</string>
			<key>path</key>
			<string>PlaynomicsSDK/PNMessaging.m</string>
			<key>sourceTree</key>
			<string>SOURCE_ROOT</string>
		</dict>
		<key>32306C1617E97108001240D7</key>
		<dict>
			<key>fileEncoding</key>
			<string>4</string>
			<key>isa</key>
			<string>PBXFileReference</string>
			<key>lastKnownFileType</key>
			<string>sourcecode.c.objc</string>
			<key>name</key>
			<string>PNAssetRequest.m</string>
			<key>path</key>
			<string>PlaynomicsSDK/PNAssetRequest.m</string>
			<key>sourceTree</key>
			<string>SOURCE_ROOT</string>
		</dict>
		<key>32306C1717E97108001240D7</key>
		<dict>
			<key>fileEncoding</key>
			<string>4</string>
			<key>isa</key>
			<string>PBXFileReference</string>
			<key>lastKnownFileType</key>
			<string>sourcecode.c.objc</string>
			<key>name</key>
			<string>PNEventRequestOperation.m</string>
			<key>path</key>
			<string>PlaynomicsSDK/PNEventRequestOperation.m</string>
			<key>sourceTree</key>
			<string>SOURCE_ROOT</string>
		</dict>
		<key>32306C1817E97108001240D7</key>
		<dict>
			<key>fileEncoding</key>
			<string>4</string>
			<key>isa</key>
			<string>PBXFileReference</string>
			<key>lastKnownFileType</key>
			<string>sourcecode.c.objc</string>
			<key>name</key>
			<string>PNMessagingApiClient.m</string>
			<key>path</key>
			<string>PlaynomicsSDK/PNMessagingApiClient.m</string>
			<key>sourceTree</key>
			<string>SOURCE_ROOT</string>
		</dict>
		<key>32306C1917E97108001240D7</key>
		<dict>
			<key>fileEncoding</key>
			<string>4</string>
			<key>isa</key>
			<string>PBXFileReference</string>
			<key>lastKnownFileType</key>
			<string>sourcecode.c.objc</string>
			<key>name</key>
			<string>PNEventApiClient.m</string>
			<key>path</key>
			<string>PlaynomicsSDK/PNEventApiClient.m</string>
			<key>sourceTree</key>
			<string>SOURCE_ROOT</string>
		</dict>
		<key>32306C1A17E97108001240D7</key>
		<dict>
			<key>fileEncoding</key>
			<string>4</string>
			<key>isa</key>
			<string>PBXFileReference</string>
			<key>lastKnownFileType</key>
			<string>sourcecode.c.h</string>
			<key>name</key>
			<string>PNEventApiClient.h</string>
			<key>path</key>
			<string>PlaynomicsSDK/PNEventApiClient.h</string>
			<key>sourceTree</key>
			<string>SOURCE_ROOT</string>
		</dict>
		<key>32306C1B17E97108001240D7</key>
		<dict>
			<key>fileEncoding</key>
			<string>4</string>
			<key>isa</key>
			<string>PBXFileReference</string>
			<key>lastKnownFileType</key>
			<string>sourcecode.c.objc</string>
			<key>name</key>
			<string>PNDeviceManager.m</string>
			<key>path</key>
			<string>PlaynomicsSDK/PNDeviceManager.m</string>
			<key>sourceTree</key>
			<string>SOURCE_ROOT</string>
		</dict>
		<key>32306C1C17E97108001240D7</key>
		<dict>
			<key>fileEncoding</key>
			<string>4</string>
			<key>isa</key>
			<string>PBXFileReference</string>
			<key>lastKnownFileType</key>
			<string>sourcecode.c.h</string>
			<key>name</key>
			<string>PNUtil.h</string>
			<key>path</key>
			<string>PlaynomicsSDK/PNUtil.h</string>
			<key>sourceTree</key>
			<string>SOURCE_ROOT</string>
		</dict>
		<key>32306C1D17E97108001240D7</key>
		<dict>
			<key>fileEncoding</key>
			<string>4</string>
			<key>isa</key>
			<string>PBXFileReference</string>
			<key>lastKnownFileType</key>
			<string>sourcecode.c.h</string>
			<key>name</key>
			<string>PNFrameRequest.h</string>
			<key>path</key>
			<string>PlaynomicsSDK/PNFrameRequest.h</string>
			<key>sourceTree</key>
			<string>SOURCE_ROOT</string>
		</dict>
		<key>32306C1E17E97108001240D7</key>
		<dict>
			<key>fileEncoding</key>
			<string>4</string>
			<key>isa</key>
			<string>PBXFileReference</string>
			<key>lastKnownFileType</key>
			<string>sourcecode.c.h</string>
			<key>name</key>
			<string>PNMessagingApiClient.h</string>
			<key>path</key>
			<string>PlaynomicsSDK/PNMessagingApiClient.h</string>
			<key>sourceTree</key>
			<string>SOURCE_ROOT</string>
		</dict>
		<key>32306C1F17E97108001240D7</key>
		<dict>
			<key>fileEncoding</key>
			<string>4</string>
			<key>isa</key>
			<string>PBXFileReference</string>
			<key>lastKnownFileType</key>
			<string>sourcecode.c.h</string>
			<key>name</key>
			<string>PNConfig.h</string>
			<key>path</key>
			<string>PlaynomicsSDK/PNConfig.h</string>
			<key>sourceTree</key>
			<string>SOURCE_ROOT</string>
		</dict>
		<key>32306C2017E97108001240D7</key>
		<dict>
			<key>fileEncoding</key>
			<string>4</string>
			<key>isa</key>
			<string>PBXFileReference</string>
			<key>lastKnownFileType</key>
			<string>sourcecode.c.objc</string>
			<key>name</key>
			<string>PNApplication.m</string>
			<key>path</key>
			<string>PlaynomicsSDK/PNApplication.m</string>
			<key>sourceTree</key>
			<string>SOURCE_ROOT</string>
		</dict>
		<key>32306C2117E97108001240D7</key>
		<dict>
			<key>fileEncoding</key>
			<string>4</string>
			<key>isa</key>
			<string>PBXFileReference</string>
			<key>lastKnownFileType</key>
			<string>sourcecode.c.h</string>
			<key>name</key>
			<string>PNCache.h</string>
			<key>path</key>
			<string>PlaynomicsSDK/PNCache.h</string>
			<key>sourceTree</key>
			<string>SOURCE_ROOT</string>
		</dict>
		<key>32306C2217E97108001240D7</key>
		<dict>
			<key>fileEncoding</key>
			<string>4</string>
			<key>isa</key>
			<string>PBXFileReference</string>
			<key>lastKnownFileType</key>
			<string>sourcecode.c.objc</string>
			<key>name</key>
			<string>PNCache.m</string>
			<key>path</key>
			<string>PlaynomicsSDK/PNCache.m</string>
			<key>sourceTree</key>
			<string>SOURCE_ROOT</string>
		</dict>
		<key>32306C2317E97108001240D7</key>
		<dict>
			<key>fileEncoding</key>
			<string>4</string>
			<key>isa</key>
			<string>PBXFileReference</string>
			<key>lastKnownFileType</key>
			<string>sourcecode.c.h</string>
			<key>name</key>
			<string>PNCache+Private.h</string>
			<key>path</key>
			<string>PlaynomicsSDK/PNCache+Private.h</string>
			<key>sourceTree</key>
			<string>SOURCE_ROOT</string>
		</dict>
		<key>32306C2417E97108001240D7</key>
		<dict>
			<key>fileEncoding</key>
			<string>4</string>
			<key>isa</key>
			<string>PBXFileReference</string>
			<key>lastKnownFileType</key>
			<string>sourcecode.c.h</string>
			<key>name</key>
			<string>PNConcurrentQueue.h</string>
			<key>path</key>
			<string>PlaynomicsSDK/PNConcurrentQueue.h</string>
			<key>sourceTree</key>
			<string>SOURCE_ROOT</string>
		</dict>
		<key>32306C2517E97108001240D7</key>
		<dict>
			<key>fileEncoding</key>
			<string>4</string>
			<key>isa</key>
			<string>PBXFileReference</string>
			<key>lastKnownFileType</key>
			<string>sourcecode.c.objc</string>
			<key>name</key>
			<string>PNConcurrentQueue.m</string>
			<key>path</key>
			<string>PlaynomicsSDK/PNConcurrentQueue.m</string>
			<key>sourceTree</key>
			<string>SOURCE_ROOT</string>
		</dict>
		<key>32306C2617E97108001240D7</key>
		<dict>
			<key>fileEncoding</key>
			<string>4</string>
			<key>isa</key>
			<string>PBXFileReference</string>
			<key>lastKnownFileType</key>
			<string>sourcecode.c.h</string>
			<key>name</key>
			<string>PNConcurrentSet.h</string>
			<key>path</key>
			<string>PlaynomicsSDK/PNConcurrentSet.h</string>
			<key>sourceTree</key>
			<string>SOURCE_ROOT</string>
		</dict>
		<key>32306C2717E97108001240D7</key>
		<dict>
			<key>fileEncoding</key>
			<string>4</string>
			<key>isa</key>
			<string>PBXFileReference</string>
			<key>lastKnownFileType</key>
			<string>sourcecode.c.objc</string>
			<key>name</key>
			<string>PNConcurrentSet.m</string>
			<key>path</key>
			<string>PlaynomicsSDK/PNConcurrentSet.m</string>
			<key>sourceTree</key>
			<string>SOURCE_ROOT</string>
		</dict>
		<key>32306C2817E97108001240D7</key>
		<dict>
			<key>fileEncoding</key>
			<string>4</string>
			<key>isa</key>
			<string>PBXFileReference</string>
			<key>lastKnownFileType</key>
			<string>sourcecode.c.h</string>
			<key>name</key>
			<string>PNDeviceManager.h</string>
			<key>path</key>
			<string>PlaynomicsSDK/PNDeviceManager.h</string>
			<key>sourceTree</key>
			<string>SOURCE_ROOT</string>
		</dict>
		<key>32306C2917E97108001240D7</key>
		<dict>
			<key>fileEncoding</key>
			<string>4</string>
			<key>isa</key>
			<string>PBXFileReference</string>
			<key>lastKnownFileType</key>
			<string>sourcecode.c.h</string>
			<key>name</key>
			<string>PNDeviceManager+Private.h</string>
			<key>path</key>
			<string>PlaynomicsSDK/PNDeviceManager+Private.h</string>
			<key>sourceTree</key>
			<string>SOURCE_ROOT</string>
		</dict>
		<key>32306C2A17E97108001240D7</key>
		<dict>
			<key>fileEncoding</key>
			<string>4</string>
			<key>isa</key>
			<string>PBXFileReference</string>
			<key>lastKnownFileType</key>
			<string>sourcecode.c.objc</string>
			<key>name</key>
			<string>PNEvent.m</string>
			<key>path</key>
			<string>PlaynomicsSDK/PNEvent.m</string>
			<key>sourceTree</key>
			<string>SOURCE_ROOT</string>
		</dict>
		<key>32306C2B17E97108001240D7</key>
		<dict>
			<key>fileEncoding</key>
			<string>4</string>
			<key>isa</key>
			<string>PBXFileReference</string>
			<key>lastKnownFileType</key>
			<string>sourcecode.c.h</string>
			<key>name</key>
			<string>PNEventAppPage.h</string>
			<key>path</key>
			<string>PlaynomicsSDK/PNEventAppPage.h</string>
			<key>sourceTree</key>
			<string>SOURCE_ROOT</string>
		</dict>
		<key>32306C2C17E97108001240D7</key>
		<dict>
			<key>fileEncoding</key>
			<string>4</string>
			<key>isa</key>
			<string>PBXFileReference</string>
			<key>lastKnownFileType</key>
			<string>sourcecode.c.objc</string>
			<key>name</key>
			<string>PNEventAppPage.m</string>
			<key>path</key>
			<string>PlaynomicsSDK/PNEventAppPage.m</string>
			<key>sourceTree</key>
			<string>SOURCE_ROOT</string>
		</dict>
		<key>32306C2D17E97108001240D7</key>
		<dict>
			<key>fileEncoding</key>
			<string>4</string>
			<key>isa</key>
			<string>PBXFileReference</string>
			<key>lastKnownFileType</key>
			<string>sourcecode.c.h</string>
			<key>name</key>
			<string>PNEventAppPause.h</string>
			<key>path</key>
			<string>PlaynomicsSDK/PNEventAppPause.h</string>
			<key>sourceTree</key>
			<string>SOURCE_ROOT</string>
		</dict>
		<key>32306C2E17E97108001240D7</key>
		<dict>
			<key>fileEncoding</key>
			<string>4</string>
			<key>isa</key>
			<string>PBXFileReference</string>
			<key>lastKnownFileType</key>
			<string>sourcecode.c.objc</string>
			<key>name</key>
			<string>PNEventAppPause.m</string>
			<key>path</key>
			<string>PlaynomicsSDK/PNEventAppPause.m</string>
			<key>sourceTree</key>
			<string>SOURCE_ROOT</string>
		</dict>
		<key>32306C2F17E97108001240D7</key>
		<dict>
			<key>fileEncoding</key>
			<string>4</string>
			<key>isa</key>
			<string>PBXFileReference</string>
			<key>lastKnownFileType</key>
			<string>sourcecode.c.h</string>
			<key>name</key>
			<string>PNEventAppResume.h</string>
			<key>path</key>
			<string>PlaynomicsSDK/PNEventAppResume.h</string>
			<key>sourceTree</key>
			<string>SOURCE_ROOT</string>
		</dict>
		<key>32306C3017E97108001240D7</key>
		<dict>
			<key>fileEncoding</key>
			<string>4</string>
			<key>isa</key>
			<string>PBXFileReference</string>
			<key>lastKnownFileType</key>
			<string>sourcecode.c.objc</string>
			<key>name</key>
			<string>PNEventAppResume.m</string>
			<key>path</key>
			<string>PlaynomicsSDK/PNEventAppResume.m</string>
			<key>sourceTree</key>
			<string>SOURCE_ROOT</string>
		</dict>
		<key>32306C3117E97108001240D7</key>
		<dict>
			<key>fileEncoding</key>
			<string>4</string>
			<key>isa</key>
			<string>PBXFileReference</string>
			<key>lastKnownFileType</key>
			<string>sourcecode.c.h</string>
			<key>name</key>
			<string>PNEventAppRunning.h</string>
			<key>path</key>
			<string>PlaynomicsSDK/PNEventAppRunning.h</string>
			<key>sourceTree</key>
			<string>SOURCE_ROOT</string>
		</dict>
		<key>32306C3217E97108001240D7</key>
		<dict>
			<key>fileEncoding</key>
			<string>4</string>
			<key>isa</key>
			<string>PBXFileReference</string>
			<key>lastKnownFileType</key>
			<string>sourcecode.c.objc</string>
			<key>name</key>
			<string>PNEventAppRunning.m</string>
			<key>path</key>
			<string>PlaynomicsSDK/PNEventAppRunning.m</string>
			<key>sourceTree</key>
			<string>SOURCE_ROOT</string>
		</dict>
		<key>32306C3317E97108001240D7</key>
		<dict>
			<key>fileEncoding</key>
			<string>4</string>
			<key>isa</key>
			<string>PBXFileReference</string>
			<key>lastKnownFileType</key>
			<string>sourcecode.c.h</string>
			<key>name</key>
			<string>PNEventAppStart.h</string>
			<key>path</key>
			<string>PlaynomicsSDK/PNEventAppStart.h</string>
			<key>sourceTree</key>
			<string>SOURCE_ROOT</string>
		</dict>
		<key>32306C3417E97108001240D7</key>
		<dict>
			<key>fileEncoding</key>
			<string>4</string>
			<key>isa</key>
			<string>PBXFileReference</string>
			<key>lastKnownFileType</key>
			<string>sourcecode.c.objc</string>
			<key>name</key>
			<string>PNEventAppStart.m</string>
			<key>path</key>
			<string>PlaynomicsSDK/PNEventAppStart.m</string>
			<key>sourceTree</key>
			<string>SOURCE_ROOT</string>
		</dict>
		<key>32306C3517E97108001240D7</key>
		<dict>
			<key>fileEncoding</key>
			<string>4</string>
			<key>isa</key>
			<string>PBXFileReference</string>
			<key>lastKnownFileType</key>
			<string>sourcecode.c.h</string>
			<key>name</key>
			<string>PNEventMilestone.h</string>
			<key>path</key>
			<string>PlaynomicsSDK/PNEventMilestone.h</string>
			<key>sourceTree</key>
			<string>SOURCE_ROOT</string>
		</dict>
		<key>32306C3617E97108001240D7</key>
		<dict>
			<key>fileEncoding</key>
			<string>4</string>
			<key>isa</key>
			<string>PBXFileReference</string>
			<key>lastKnownFileType</key>
			<string>sourcecode.c.objc</string>
			<key>name</key>
			<string>PNEventMilestone.m</string>
			<key>path</key>
			<string>PlaynomicsSDK/PNEventMilestone.m</string>
			<key>sourceTree</key>
			<string>SOURCE_ROOT</string>
		</dict>
		<key>32306C3717E97108001240D7</key>
		<dict>
			<key>fileEncoding</key>
			<string>4</string>
			<key>isa</key>
			<string>PBXFileReference</string>
			<key>lastKnownFileType</key>
			<string>sourcecode.c.h</string>
			<key>name</key>
			<string>PNEventRequestOperation.h</string>
			<key>path</key>
			<string>PlaynomicsSDK/PNEventRequestOperation.h</string>
			<key>sourceTree</key>
			<string>SOURCE_ROOT</string>
		</dict>
		<key>32306C3817E97108001240D7</key>
		<dict>
			<key>fileEncoding</key>
			<string>4</string>
			<key>isa</key>
			<string>PBXFileReference</string>
			<key>lastKnownFileType</key>
			<string>sourcecode.c.h</string>
			<key>name</key>
			<string>PNEventTransaction.h</string>
			<key>path</key>
			<string>PlaynomicsSDK/PNEventTransaction.h</string>
			<key>sourceTree</key>
			<string>SOURCE_ROOT</string>
		</dict>
		<key>32306C3917E97108001240D7</key>
		<dict>
			<key>fileEncoding</key>
			<string>4</string>
			<key>isa</key>
			<string>PBXFileReference</string>
			<key>lastKnownFileType</key>
			<string>sourcecode.c.h</string>
			<key>name</key>
			<string>PNExplicitEvent.h</string>
			<key>path</key>
			<string>PlaynomicsSDK/PNExplicitEvent.h</string>
			<key>sourceTree</key>
			<string>SOURCE_ROOT</string>
		</dict>
		<key>32306C3A17E97108001240D7</key>
		<dict>
			<key>fileEncoding</key>
			<string>4</string>
			<key>isa</key>
			<string>PBXFileReference</string>
			<key>lastKnownFileType</key>
			<string>sourcecode.c.objc</string>
			<key>name</key>
			<string>PNExplicitEvent.m</string>
			<key>path</key>
			<string>PlaynomicsSDK/PNExplicitEvent.m</string>
			<key>sourceTree</key>
			<string>SOURCE_ROOT</string>
		</dict>
		<key>32306C3B17E97108001240D7</key>
		<dict>
			<key>fileEncoding</key>
			<string>4</string>
			<key>isa</key>
			<string>PBXFileReference</string>
			<key>lastKnownFileType</key>
			<string>sourcecode.c.h</string>
			<key>name</key>
			<string>PNGameSessionInfo.h</string>
			<key>path</key>
			<string>PlaynomicsSDK/PNGameSessionInfo.h</string>
			<key>sourceTree</key>
			<string>SOURCE_ROOT</string>
		</dict>
		<key>32306C3C17E97108001240D7</key>
		<dict>
			<key>fileEncoding</key>
			<string>4</string>
			<key>isa</key>
			<string>PBXFileReference</string>
			<key>lastKnownFileType</key>
			<string>sourcecode.c.objc</string>
			<key>name</key>
			<string>PNGameSessionInfo.m</string>
			<key>path</key>
			<string>PlaynomicsSDK/PNGameSessionInfo.m</string>
			<key>sourceTree</key>
			<string>SOURCE_ROOT</string>
		</dict>
		<key>32306C3D17E97108001240D7</key>
		<dict>
			<key>fileEncoding</key>
			<string>4</string>
			<key>isa</key>
			<string>PBXFileReference</string>
			<key>lastKnownFileType</key>
			<string>sourcecode.c.h</string>
			<key>name</key>
			<string>PNGeneratedHexId.h</string>
			<key>path</key>
			<string>PlaynomicsSDK/PNGeneratedHexId.h</string>
			<key>sourceTree</key>
			<string>SOURCE_ROOT</string>
		</dict>
		<key>32306C3E17E97108001240D7</key>
		<dict>
			<key>fileEncoding</key>
			<string>4</string>
			<key>isa</key>
			<string>PBXFileReference</string>
			<key>lastKnownFileType</key>
			<string>sourcecode.c.objc</string>
			<key>name</key>
			<string>PNGeneratedHexId.m</string>
			<key>path</key>
			<string>PlaynomicsSDK/PNGeneratedHexId.m</string>
			<key>sourceTree</key>
			<string>SOURCE_ROOT</string>
		</dict>
		<key>32306C3F17E97108001240D7</key>
		<dict>
			<key>fileEncoding</key>
			<string>4</string>
			<key>isa</key>
			<string>PBXFileReference</string>
			<key>lastKnownFileType</key>
			<string>sourcecode.c.h</string>
			<key>name</key>
			<string>PNImplicitEvent.h</string>
			<key>path</key>
			<string>PlaynomicsSDK/PNImplicitEvent.h</string>
			<key>sourceTree</key>
			<string>SOURCE_ROOT</string>
		</dict>
		<key>32306C4017E97108001240D7</key>
		<dict>
			<key>fileEncoding</key>
			<string>4</string>
			<key>isa</key>
			<string>PBXFileReference</string>
			<key>lastKnownFileType</key>
			<string>sourcecode.c.objc</string>
			<key>name</key>
			<string>PNImplicitEvent.m</string>
			<key>path</key>
			<string>PlaynomicsSDK/PNImplicitEvent.m</string>
			<key>sourceTree</key>
			<string>SOURCE_ROOT</string>
		</dict>
		<key>32306C4117E97108001240D7</key>
		<dict>
			<key>fileEncoding</key>
			<string>4</string>
			<key>isa</key>
			<string>PBXFileReference</string>
			<key>lastKnownFileType</key>
			<string>sourcecode.c.objc</string>
			<key>name</key>
			<string>PNLogger.m</string>
			<key>path</key>
			<string>PlaynomicsSDK/PNLogger.m</string>
			<key>sourceTree</key>
			<string>SOURCE_ROOT</string>
		</dict>
		<key>32306C4217E97108001240D7</key>
		<dict>
			<key>fileEncoding</key>
			<string>4</string>
			<key>isa</key>
			<string>PBXFileReference</string>
			<key>lastKnownFileType</key>
			<string>sourcecode.c.h</string>
			<key>name</key>
			<string>PNSession+Private.h</string>
			<key>path</key>
			<string>PlaynomicsSDK/PNSession+Private.h</string>
			<key>sourceTree</key>
			<string>SOURCE_ROOT</string>
		</dict>
		<key>32306C4317E97108001240D7</key>
		<dict>
			<key>fileEncoding</key>
			<string>4</string>
			<key>isa</key>
			<string>PBXFileReference</string>
			<key>lastKnownFileType</key>
			<string>sourcecode.c.h</string>
			<key>name</key>
			<string>PNUrlProcessorDelegate.h</string>
			<key>path</key>
			<string>PlaynomicsSDK/PNUrlProcessorDelegate.h</string>
			<key>sourceTree</key>
			<string>SOURCE_ROOT</string>
		</dict>
		<key>32306C4417E97108001240D7</key>
		<dict>
			<key>fileEncoding</key>
			<string>4</string>
			<key>isa</key>
			<string>PBXFileReference</string>
			<key>lastKnownFileType</key>
			<string>sourcecode.c.h</string>
			<key>name</key>
			<string>PNNativeViewComponent.h</string>
			<key>path</key>
			<string>PlaynomicsSDK/PNNativeViewComponent.h</string>
			<key>sourceTree</key>
			<string>SOURCE_ROOT</string>
		</dict>
		<key>32306C4517E97108001240D7</key>
		<dict>
			<key>fileRef</key>
			<string>32306C0017E97107001240D7</string>
			<key>isa</key>
			<string>PBXBuildFile</string>
		</dict>
		<key>32306C4617E97108001240D7</key>
		<dict>
			<key>fileRef</key>
			<string>32306C0117E97107001240D7</string>
			<key>isa</key>
			<string>PBXBuildFile</string>
		</dict>
		<key>32306C4717E97108001240D7</key>
		<dict>
			<key>fileRef</key>
			<string>32306C0317E97107001240D7</string>
			<key>isa</key>
			<string>PBXBuildFile</string>
		</dict>
		<key>32306C4817E97108001240D7</key>
		<dict>
			<key>fileRef</key>
			<string>32306C0517E97107001240D7</string>
			<key>isa</key>
			<string>PBXBuildFile</string>
		</dict>
		<key>32306C4917E97108001240D7</key>
		<dict>
			<key>fileRef</key>
			<string>32306C0617E97107001240D7</string>
			<key>isa</key>
			<string>PBXBuildFile</string>
		</dict>
		<key>32306C4A17E97108001240D7</key>
		<dict>
			<key>fileRef</key>
			<string>32306C0717E97107001240D7</string>
			<key>isa</key>
			<string>PBXBuildFile</string>
		</dict>
		<key>32306C4B17E97108001240D7</key>
		<dict>
			<key>fileRef</key>
			<string>32306C0817E97107001240D7</string>
			<key>isa</key>
			<string>PBXBuildFile</string>
		</dict>
		<key>32306C4C17E97108001240D7</key>
		<dict>
			<key>fileRef</key>
			<string>32306C0917E97107001240D7</string>
			<key>isa</key>
			<string>PBXBuildFile</string>
		</dict>
		<key>32306C4D17E97108001240D7</key>
		<dict>
			<key>fileRef</key>
			<string>32306C0A17E97107001240D7</string>
			<key>isa</key>
			<string>PBXBuildFile</string>
		</dict>
		<key>32306C4E17E97108001240D7</key>
		<dict>
			<key>fileRef</key>
			<string>32306C0D17E97108001240D7</string>
			<key>isa</key>
			<string>PBXBuildFile</string>
		</dict>
		<key>32306C4F17E97108001240D7</key>
		<dict>
			<key>fileRef</key>
			<string>32306C1017E97108001240D7</string>
			<key>isa</key>
			<string>PBXBuildFile</string>
		</dict>
		<key>32306C5017E97108001240D7</key>
		<dict>
			<key>fileRef</key>
			<string>32306C1517E97108001240D7</string>
			<key>isa</key>
			<string>PBXBuildFile</string>
		</dict>
		<key>32306C5117E97108001240D7</key>
		<dict>
			<key>fileRef</key>
			<string>32306C1617E97108001240D7</string>
			<key>isa</key>
			<string>PBXBuildFile</string>
		</dict>
		<key>32306C5217E97108001240D7</key>
		<dict>
			<key>fileRef</key>
			<string>32306C1717E97108001240D7</string>
			<key>isa</key>
			<string>PBXBuildFile</string>
		</dict>
		<key>32306C5317E97108001240D7</key>
		<dict>
			<key>fileRef</key>
			<string>32306C1817E97108001240D7</string>
			<key>isa</key>
			<string>PBXBuildFile</string>
		</dict>
		<key>32306C5417E97108001240D7</key>
		<dict>
			<key>fileRef</key>
			<string>32306C1917E97108001240D7</string>
			<key>isa</key>
			<string>PBXBuildFile</string>
		</dict>
		<key>32306C5517E97108001240D7</key>
		<dict>
			<key>fileRef</key>
			<string>32306C1B17E97108001240D7</string>
			<key>isa</key>
			<string>PBXBuildFile</string>
		</dict>
		<key>32306C5617E97108001240D7</key>
		<dict>
			<key>fileRef</key>
			<string>32306C2017E97108001240D7</string>
			<key>isa</key>
			<string>PBXBuildFile</string>
		</dict>
		<key>32306C5717E97108001240D7</key>
		<dict>
			<key>fileRef</key>
			<string>32306C2217E97108001240D7</string>
			<key>isa</key>
			<string>PBXBuildFile</string>
		</dict>
		<key>32306C5817E97108001240D7</key>
		<dict>
			<key>fileRef</key>
			<string>32306C2517E97108001240D7</string>
			<key>isa</key>
			<string>PBXBuildFile</string>
		</dict>
		<key>32306C5917E97108001240D7</key>
		<dict>
			<key>fileRef</key>
			<string>32306C2717E97108001240D7</string>
			<key>isa</key>
			<string>PBXBuildFile</string>
		</dict>
		<key>32306C5A17E97108001240D7</key>
		<dict>
			<key>fileRef</key>
			<string>32306C2A17E97108001240D7</string>
			<key>isa</key>
			<string>PBXBuildFile</string>
		</dict>
		<key>32306C5B17E97108001240D7</key>
		<dict>
			<key>fileRef</key>
			<string>32306C2C17E97108001240D7</string>
			<key>isa</key>
			<string>PBXBuildFile</string>
		</dict>
		<key>32306C5C17E97108001240D7</key>
		<dict>
			<key>fileRef</key>
			<string>32306C2E17E97108001240D7</string>
			<key>isa</key>
			<string>PBXBuildFile</string>
		</dict>
		<key>32306C5D17E97108001240D7</key>
		<dict>
			<key>fileRef</key>
			<string>32306C3017E97108001240D7</string>
			<key>isa</key>
			<string>PBXBuildFile</string>
		</dict>
		<key>32306C5E17E97108001240D7</key>
		<dict>
			<key>fileRef</key>
			<string>32306C3217E97108001240D7</string>
			<key>isa</key>
			<string>PBXBuildFile</string>
		</dict>
		<key>32306C5F17E97108001240D7</key>
		<dict>
			<key>fileRef</key>
			<string>32306C3417E97108001240D7</string>
			<key>isa</key>
			<string>PBXBuildFile</string>
		</dict>
		<key>32306C6017E97108001240D7</key>
		<dict>
			<key>fileRef</key>
			<string>32306C3617E97108001240D7</string>
			<key>isa</key>
			<string>PBXBuildFile</string>
		</dict>
		<key>32306C6117E97108001240D7</key>
		<dict>
			<key>fileRef</key>
			<string>32306C3A17E97108001240D7</string>
			<key>isa</key>
			<string>PBXBuildFile</string>
		</dict>
		<key>32306C6217E97108001240D7</key>
		<dict>
			<key>fileRef</key>
			<string>32306C3C17E97108001240D7</string>
			<key>isa</key>
			<string>PBXBuildFile</string>
		</dict>
		<key>32306C6317E97108001240D7</key>
		<dict>
			<key>fileRef</key>
			<string>32306C3E17E97108001240D7</string>
			<key>isa</key>
			<string>PBXBuildFile</string>
		</dict>
		<key>32306C6417E97108001240D7</key>
		<dict>
			<key>fileRef</key>
			<string>32306C4017E97108001240D7</string>
			<key>isa</key>
			<string>PBXBuildFile</string>
		</dict>
		<key>32306C6517E97108001240D7</key>
		<dict>
			<key>fileRef</key>
			<string>32306C4117E97108001240D7</string>
			<key>isa</key>
			<string>PBXBuildFile</string>
		</dict>
		<key>32306C6717E97462001240D7</key>
		<dict>
			<key>fileEncoding</key>
			<string>4</string>
			<key>isa</key>
			<string>PBXFileReference</string>
			<key>lastKnownFileType</key>
			<string>sourcecode.c.h</string>
			<key>name</key>
			<string>PlaynomicsSDKTests-Prefix.pch</string>
			<key>path</key>
			<string>PlaynomicsSDKTests/PlaynomicsSDKTests-Prefix.pch</string>
			<key>sourceTree</key>
			<string>SOURCE_ROOT</string>
		</dict>
		<key>32306C6917E976EB001240D7</key>
		<dict>
			<key>fileRef</key>
			<string>3238496317E96B9100DCA409</string>
			<key>isa</key>
			<string>PBXBuildFile</string>
		</dict>
		<key>32306C6B17E97A3B001240D7</key>
		<dict>
			<key>children</key>
			<array>
				<string>32D54F7917F271230029848E</string>
				<string>32D54F7A17F271230029848E</string>
				<string>32D54F7B17F271230029848E</string>
				<string>32306C6D17E97A5D001240D7</string>
				<string>32306C6F17E97A5D001240D7</string>
				<string>32306C7117E97A5D001240D7</string>
				<string>32306C7317E97A5D001240D7</string>
				<string>32306C7517E97A5D001240D7</string>
				<string>32306C7717E97A5D001240D7</string>
			</array>
			<key>isa</key>
			<string>PBXGroup</string>
			<key>name</key>
			<string>Tests</string>
			<key>sourceTree</key>
			<string>&lt;group&gt;</string>
		</dict>
		<key>32306C6D17E97A5D001240D7</key>
		<dict>
			<key>fileEncoding</key>
			<string>4</string>
			<key>isa</key>
			<string>PBXFileReference</string>
			<key>lastKnownFileType</key>
			<string>sourcecode.c.objc</string>
			<key>name</key>
			<string>PNDeviceManagerTests.m</string>
			<key>path</key>
			<string>PlaynomicsSDKTests/PNDeviceManagerTests.m</string>
			<key>sourceTree</key>
			<string>SOURCE_ROOT</string>
		</dict>
		<key>32306C6F17E97A5D001240D7</key>
		<dict>
			<key>fileEncoding</key>
			<string>4</string>
			<key>isa</key>
			<string>PBXFileReference</string>
			<key>lastKnownFileType</key>
			<string>sourcecode.c.objc</string>
			<key>name</key>
			<string>PNEventApiClientTests.m</string>
			<key>path</key>
			<string>PlaynomicsSDKTests/PNEventApiClientTests.m</string>
			<key>sourceTree</key>
			<string>SOURCE_ROOT</string>
		</dict>
		<key>32306C7117E97A5D001240D7</key>
		<dict>
			<key>fileEncoding</key>
			<string>4</string>
			<key>isa</key>
			<string>PBXFileReference</string>
			<key>lastKnownFileType</key>
			<string>sourcecode.c.objc</string>
			<key>name</key>
			<string>PNEventTests.m</string>
			<key>path</key>
			<string>PlaynomicsSDKTests/PNEventTests.m</string>
			<key>sourceTree</key>
			<string>SOURCE_ROOT</string>
		</dict>
		<key>32306C7317E97A5D001240D7</key>
		<dict>
			<key>fileEncoding</key>
			<string>4</string>
			<key>isa</key>
			<string>PBXFileReference</string>
			<key>lastKnownFileType</key>
			<string>sourcecode.c.objc</string>
			<key>name</key>
			<string>PNGeneratedHexIdTests.m</string>
			<key>path</key>
			<string>PlaynomicsSDKTests/PNGeneratedHexIdTests.m</string>
			<key>sourceTree</key>
			<string>SOURCE_ROOT</string>
		</dict>
		<key>32306C7517E97A5D001240D7</key>
		<dict>
			<key>fileEncoding</key>
			<string>4</string>
			<key>isa</key>
			<string>PBXFileReference</string>
			<key>lastKnownFileType</key>
			<string>sourcecode.c.objc</string>
			<key>name</key>
			<string>PNSessionTests.m</string>
			<key>path</key>
			<string>PlaynomicsSDKTests/PNSessionTests.m</string>
			<key>sourceTree</key>
			<string>SOURCE_ROOT</string>
		</dict>
		<key>32306C7717E97A5D001240D7</key>
		<dict>
			<key>fileEncoding</key>
			<string>4</string>
			<key>isa</key>
			<string>PBXFileReference</string>
			<key>lastKnownFileType</key>
			<string>sourcecode.c.objc</string>
			<key>name</key>
			<string>PNUtilTests.m</string>
			<key>path</key>
			<string>PlaynomicsSDKTests/PNUtilTests.m</string>
			<key>sourceTree</key>
			<string>SOURCE_ROOT</string>
		</dict>
		<key>32306C7F17E97AA0001240D7</key>
		<dict>
			<key>fileRef</key>
			<string>32306C6D17E97A5D001240D7</string>
			<key>isa</key>
			<string>PBXBuildFile</string>
		</dict>
		<key>32306C8117E97AA0001240D7</key>
		<dict>
			<key>fileRef</key>
			<string>32306C6F17E97A5D001240D7</string>
			<key>isa</key>
			<string>PBXBuildFile</string>
		</dict>
		<key>32306C8317E97AA0001240D7</key>
		<dict>
			<key>fileRef</key>
			<string>32306C7117E97A5D001240D7</string>
			<key>isa</key>
			<string>PBXBuildFile</string>
		</dict>
		<key>32306C8517E97AA0001240D7</key>
		<dict>
			<key>fileRef</key>
			<string>32306C7317E97A5D001240D7</string>
			<key>isa</key>
			<string>PBXBuildFile</string>
		</dict>
		<key>32306C8717E97AA0001240D7</key>
		<dict>
			<key>fileRef</key>
			<string>32306C7517E97A5D001240D7</string>
			<key>isa</key>
			<string>PBXBuildFile</string>
		</dict>
		<key>32306C8917E97AA0001240D7</key>
		<dict>
			<key>fileRef</key>
			<string>32306C7717E97A5D001240D7</string>
			<key>isa</key>
			<string>PBXBuildFile</string>
		</dict>
		<key>3238495F17E96B9100DCA409</key>
		<dict>
			<key>buildActionMask</key>
			<string>2147483647</string>
			<key>files</key>
			<array>
				<string>32306C4F17E97108001240D7</string>
				<string>32306C5617E97108001240D7</string>
				<string>32D54F7117F20FB50029848E</string>
				<string>32306C4617E97108001240D7</string>
				<string>32306C5717E97108001240D7</string>
				<string>32306C4517E97108001240D7</string>
				<string>32306C5C17E97108001240D7</string>
				<string>32306C4717E97108001240D7</string>
				<string>32306C5B17E97108001240D7</string>
				<string>32306C5F17E97108001240D7</string>
				<string>32D54F6F17F20FB50029848E</string>
				<string>32306C6117E97108001240D7</string>
				<string>32306C6417E97108001240D7</string>
				<string>32D54F7017F20FB50029848E</string>
				<string>32306C4B17E97108001240D7</string>
				<string>32306C4817E97108001240D7</string>
				<string>32306C5A17E97108001240D7</string>
				<string>32306C5317E97108001240D7</string>
				<string>32306C5817E97108001240D7</string>
				<string>32306C5917E97108001240D7</string>
				<string>32306C4917E97108001240D7</string>
				<string>32306C5117E97108001240D7</string>
				<string>32D54F6C17F20FB50029848E</string>
				<string>32306C4C17E97108001240D7</string>
				<string>32306C5217E97108001240D7</string>
				<string>32306C6317E97108001240D7</string>
				<string>32306C5517E97108001240D7</string>
				<string>32306C5E17E97108001240D7</string>
				<string>32306C6017E97108001240D7</string>
				<string>32D54F6E17F20FB50029848E</string>
				<string>32306C5017E97108001240D7</string>
				<string>32306C6517E97108001240D7</string>
				<string>32306C5D17E97108001240D7</string>
				<string>32D54F6B17F20FB50029848E</string>
				<string>32306C4A17E97108001240D7</string>
				<string>32306C4D17E97108001240D7</string>
				<string>32306C6217E97108001240D7</string>
				<string>32306C4E17E97108001240D7</string>
				<string>32306C5417E97108001240D7</string>
			</array>
			<key>isa</key>
			<string>PBXSourcesBuildPhase</string>
			<key>runOnlyForDeploymentPostprocessing</key>
			<string>0</string>
		</dict>
		<key>3238496017E96B9100DCA409</key>
		<dict>
			<key>buildActionMask</key>
			<string>2147483647</string>
			<key>files</key>
			<array>
				<string>32C8495917EBE03E006411BD</string>
				<string>323B353E17E9859400A2F7BC</string>
				<string>5685538B168C4BBB9E72475F</string>
			</array>
			<key>isa</key>
			<string>PBXFrameworksBuildPhase</string>
			<key>runOnlyForDeploymentPostprocessing</key>
			<string>0</string>
		</dict>
		<key>3238496117E96B9100DCA409</key>
		<dict>
			<key>buildActionMask</key>
			<string>2147483647</string>
			<key>dstPath</key>
			<string>include/$(PRODUCT_NAME)</string>
			<key>dstSubfolderSpec</key>
			<string>16</string>
			<key>files</key>
			<array/>
			<key>isa</key>
			<string>PBXCopyFilesBuildPhase</string>
			<key>name</key>
			<string>Copy Files</string>
			<key>runOnlyForDeploymentPostprocessing</key>
			<string>0</string>
		</dict>
		<key>3238496217E96B9100DCA409</key>
		<dict>
			<key>buildConfigurationList</key>
			<string>3238497F17E96B9100DCA409</string>
			<key>buildPhases</key>
			<array>
				<string>EB5220D0B690450DB66C9840</string>
				<string>3238495F17E96B9100DCA409</string>
				<string>3238496017E96B9100DCA409</string>
				<string>3238496117E96B9100DCA409</string>
				<string>31FE95B403C04894AB32AD87</string>
			</array>
			<key>buildRules</key>
			<array/>
			<key>dependencies</key>
			<array/>
			<key>isa</key>
			<string>PBXNativeTarget</string>
			<key>name</key>
			<string>PlaynomicsSDK</string>
			<key>productName</key>
			<string>PlaynomicsSDKTemp</string>
			<key>productReference</key>
			<string>3238496317E96B9100DCA409</string>
			<key>productType</key>
			<string>com.apple.product-type.library.static</string>
		</dict>
		<key>3238496317E96B9100DCA409</key>
		<dict>
			<key>explicitFileType</key>
			<string>archive.ar</string>
			<key>includeInIndex</key>
			<string>0</string>
			<key>isa</key>
			<string>PBXFileReference</string>
			<key>path</key>
			<string>libPlaynomicsSDK.a</string>
			<key>sourceTree</key>
			<string>BUILT_PRODUCTS_DIR</string>
		</dict>
		<key>3238496517E96B9100DCA409</key>
		<dict>
			<key>children</key>
			<array>
				<string>32306C0D17E97108001240D7</string>
				<string>32306C1F17E97108001240D7</string>
				<string>32306C1217E97108001240D7</string>
				<string>32306BFF17E970CC001240D7</string>
				<string>3290176F17DA5BB40041895A</string>
				<string>3290177217DA5C0A0041895A</string>
				<string>3290177117DA5BDB0041895A</string>
				<string>3290177017DA5BCD0041895A</string>
				<string>3290176E17DA5BAF0041895A</string>
			</array>
			<key>isa</key>
			<string>PBXGroup</string>
			<key>path</key>
			<string>PlaynomicsSDK</string>
			<key>sourceTree</key>
			<string>SOURCE_ROOT</string>
		</dict>
		<key>3238496C17E96B9100DCA409</key>
		<dict>
			<key>buildActionMask</key>
			<string>2147483647</string>
			<key>files</key>
			<array>
				<string>32D54F7F17F271DB0029848E</string>
				<string>32D54F8017F271DB0029848E</string>
				<string>32D54F8117F271DB0029848E</string>
				<string>329D460D17EA267A001A95BB</string>
				<string>329D460C17EA2673001A95BB</string>
				<string>329D460B17EA266A001A95BB</string>
				<string>32306C7F17E97AA0001240D7</string>
				<string>32306C8117E97AA0001240D7</string>
				<string>32306C8317E97AA0001240D7</string>
				<string>32306C8517E97AA0001240D7</string>
				<string>32306C8717E97AA0001240D7</string>
				<string>32306C8917E97AA0001240D7</string>
			</array>
			<key>isa</key>
			<string>PBXSourcesBuildPhase</string>
			<key>runOnlyForDeploymentPostprocessing</key>
			<string>0</string>
		</dict>
		<key>3238496D17E96B9100DCA409</key>
		<dict>
			<key>buildActionMask</key>
			<string>2147483647</string>
			<key>files</key>
			<array>
				<string>329D45EB17E9952C001A95BB</string>
				<string>328D497217E990EA0067DAB7</string>
				<string>323B355417E9894700A2F7BC</string>
				<string>323B354017E985AD00A2F7BC</string>
				<string>32306C6917E976EB001240D7</string>
			</array>
			<key>isa</key>
			<string>PBXFrameworksBuildPhase</string>
			<key>runOnlyForDeploymentPostprocessing</key>
			<string>0</string>
		</dict>
		<key>3238496E17E96B9100DCA409</key>
		<dict>
			<key>buildActionMask</key>
			<string>2147483647</string>
			<key>files</key>
			<array/>
			<key>isa</key>
			<string>PBXResourcesBuildPhase</string>
			<key>runOnlyForDeploymentPostprocessing</key>
			<string>0</string>
		</dict>
		<key>3238496F17E96B9100DCA409</key>
		<dict>
			<key>buildConfigurationList</key>
			<string>3238498217E96B9100DCA409</string>
			<key>buildPhases</key>
			<array>
				<string>3238496C17E96B9100DCA409</string>
				<string>3238496D17E96B9100DCA409</string>
				<string>3238496E17E96B9100DCA409</string>
			</array>
			<key>buildRules</key>
			<array/>
			<key>dependencies</key>
			<array>
				<string>3238497517E96B9100DCA409</string>
			</array>
			<key>isa</key>
			<string>PBXNativeTarget</string>
			<key>name</key>
			<string>PlaynomicsSDKTests</string>
			<key>productName</key>
			<string>PlaynomicsSDKTempTests</string>
			<key>productReference</key>
			<string>3238497017E96B9100DCA409</string>
			<key>productType</key>
			<string>com.apple.product-type.bundle.unit-test</string>
		</dict>
		<key>3238497017E96B9100DCA409</key>
		<dict>
			<key>explicitFileType</key>
			<string>wrapper.cfbundle</string>
			<key>includeInIndex</key>
			<string>0</string>
			<key>isa</key>
			<string>PBXFileReference</string>
			<key>path</key>
			<string>PlaynomicsSDKTests.xctest</string>
			<key>sourceTree</key>
			<string>BUILT_PRODUCTS_DIR</string>
		</dict>
		<key>3238497417E96B9100DCA409</key>
		<dict>
			<key>containerPortal</key>
			<string>D1D922671590F59500EDDE17</string>
			<key>isa</key>
			<string>PBXContainerItemProxy</string>
			<key>proxyType</key>
			<string>1</string>
			<key>remoteGlobalIDString</key>
			<string>3238496217E96B9100DCA409</string>
			<key>remoteInfo</key>
			<string>PlaynomicsSDKTemp</string>
		</dict>
		<key>3238497517E96B9100DCA409</key>
		<dict>
			<key>isa</key>
			<string>PBXTargetDependency</string>
			<key>target</key>
			<string>3238496217E96B9100DCA409</string>
			<key>targetProxy</key>
			<string>3238497417E96B9100DCA409</string>
		</dict>
		<key>3238497717E96B9100DCA409</key>
		<dict>
			<key>children</key>
			<array>
				<string>328D497317E993790067DAB7</string>
				<string>3290166717CD0B740041895A</string>
				<string>32306C6B17E97A3B001240D7</string>
				<string>32306C6717E97462001240D7</string>
			</array>
			<key>isa</key>
			<string>PBXGroup</string>
			<key>name</key>
			<string>PlaynomicsSDKTests</string>
			<key>path</key>
			<string>PlaynomicsSDKTempTests</string>
			<key>sourceTree</key>
			<string>&lt;group&gt;</string>
		</dict>
		<key>3238497F17E96B9100DCA409</key>
		<dict>
			<key>buildConfigurations</key>
			<array>
				<string>3238498017E96B9100DCA409</string>
				<string>3238498117E96B9100DCA409</string>
			</array>
			<key>defaultConfigurationIsVisible</key>
			<string>0</string>
			<key>defaultConfigurationName</key>
			<string>Release</string>
			<key>isa</key>
			<string>XCConfigurationList</string>
		</dict>
		<key>3238498017E96B9100DCA409</key>
		<dict>
			<key>baseConfigurationReference</key>
			<string>CA21248E63324CBF9C4FE764</string>
			<key>buildSettings</key>
			<dict>
				<key>ARCHS</key>
				<string>$(ARCHS_STANDARD)</string>
				<key>CLANG_CXX_LANGUAGE_STANDARD</key>
				<string>gnu++0x</string>
				<key>CLANG_CXX_LIBRARY</key>
				<string>libc++</string>
				<key>CLANG_ENABLE_MODULES</key>
				<string>YES</string>
				<key>CLANG_ENABLE_OBJC_ARC</key>
				<string>NO</string>
				<key>CLANG_WARN_BOOL_CONVERSION</key>
				<string>YES</string>
				<key>CLANG_WARN_DIRECT_OBJC_ISA_USAGE</key>
				<string>YES_ERROR</string>
				<key>CLANG_WARN_EMPTY_BODY</key>
				<string>YES</string>
				<key>CLANG_WARN_OBJC_ROOT_CLASS</key>
				<string>YES_ERROR</string>
				<key>DSTROOT</key>
				<string>/tmp/PlaynomicsSDK.dst</string>
				<key>FRAMEWORK_SEARCH_PATHS</key>
				<array>
					<string>$(inherited)</string>
					<string>$(DEVELOPER_FRAMEWORKS_DIR)</string>
				</array>
				<key>GCC_PRECOMPILE_PREFIX_HEADER</key>
				<string>YES</string>
				<key>GCC_PREFIX_HEADER</key>
				<string>PlaynomicsSDK/PlaynomicsSDK-Prefix.pch</string>
				<key>GCC_PREPROCESSOR_DEFINITIONS</key>
				<array>
					<string>DEBUG=1</string>
					<string>$(inherited)</string>
				</array>
				<key>GCC_SYMBOLS_PRIVATE_EXTERN</key>
				<string>NO</string>
				<key>GCC_WARN_64_TO_32_BIT_CONVERSION</key>
				<string>YES</string>
				<key>GCC_WARN_ABOUT_RETURN_TYPE</key>
				<string>YES_ERROR</string>
				<key>GCC_WARN_UNDECLARED_SELECTOR</key>
				<string>YES</string>
				<key>GCC_WARN_UNUSED_FUNCTION</key>
				<string>YES</string>
				<key>IPHONEOS_DEPLOYMENT_TARGET</key>
				<string>5.0</string>
				<key>ONLY_ACTIVE_ARCH</key>
				<string>NO</string>
				<key>OTHER_LDFLAGS</key>
				<string>-ObjC</string>
				<key>PRODUCT_NAME</key>
				<string>$(TARGET_NAME)</string>
				<key>SDKROOT</key>
				<string>iphoneos7.0</string>
				<key>SKIP_INSTALL</key>
				<string>YES</string>
				<key>SYMROOT</key>
				<string>build</string>
				<key>VALID_ARCHS</key>
				<string>armv7 armv7s i386</string>
			</dict>
			<key>isa</key>
			<string>XCBuildConfiguration</string>
			<key>name</key>
			<string>Debug</string>
		</dict>
		<key>3238498117E96B9100DCA409</key>
		<dict>
			<key>baseConfigurationReference</key>
			<string>CA21248E63324CBF9C4FE764</string>
			<key>buildSettings</key>
			<dict>
				<key>ARCHS</key>
				<string>$(ARCHS_STANDARD)</string>
				<key>CLANG_CXX_LANGUAGE_STANDARD</key>
				<string>gnu++0x</string>
				<key>CLANG_CXX_LIBRARY</key>
				<string>libc++</string>
				<key>CLANG_ENABLE_MODULES</key>
				<string>YES</string>
				<key>CLANG_ENABLE_OBJC_ARC</key>
				<string>NO</string>
				<key>CLANG_WARN_BOOL_CONVERSION</key>
				<string>YES</string>
				<key>CLANG_WARN_DIRECT_OBJC_ISA_USAGE</key>
				<string>YES_ERROR</string>
				<key>CLANG_WARN_EMPTY_BODY</key>
				<string>YES</string>
				<key>CLANG_WARN_OBJC_ROOT_CLASS</key>
				<string>YES_ERROR</string>
				<key>DSTROOT</key>
				<string>/tmp/PlaynomicsSDK.dst</string>
				<key>ENABLE_NS_ASSERTIONS</key>
				<string>NO</string>
				<key>FRAMEWORK_SEARCH_PATHS</key>
				<array>
					<string>$(inherited)</string>
					<string>$(DEVELOPER_FRAMEWORKS_DIR)</string>
				</array>
				<key>GCC_PRECOMPILE_PREFIX_HEADER</key>
				<string>YES</string>
				<key>GCC_PREFIX_HEADER</key>
				<string>PlaynomicsSDK/PlaynomicsSDK-Prefix.pch</string>
				<key>GCC_WARN_64_TO_32_BIT_CONVERSION</key>
				<string>YES</string>
				<key>GCC_WARN_ABOUT_RETURN_TYPE</key>
				<string>YES_ERROR</string>
				<key>GCC_WARN_UNDECLARED_SELECTOR</key>
				<string>YES</string>
				<key>GCC_WARN_UNUSED_FUNCTION</key>
				<string>YES</string>
				<key>IPHONEOS_DEPLOYMENT_TARGET</key>
				<string>5.0</string>
				<key>OTHER_LDFLAGS</key>
				<string>-ObjC</string>
				<key>PRODUCT_NAME</key>
				<string>$(TARGET_NAME)</string>
				<key>SDKROOT</key>
				<string>iphoneos7.0</string>
				<key>SKIP_INSTALL</key>
				<string>YES</string>
				<key>SYMROOT</key>
				<string>build</string>
				<key>VALID_ARCHS</key>
				<string>armv7 armv7s i386</string>
			</dict>
			<key>isa</key>
			<string>XCBuildConfiguration</string>
			<key>name</key>
			<string>Release</string>
		</dict>
		<key>3238498217E96B9100DCA409</key>
		<dict>
			<key>buildConfigurations</key>
			<array>
				<string>3238498317E96B9100DCA409</string>
				<string>3238498417E96B9100DCA409</string>
			</array>
			<key>defaultConfigurationIsVisible</key>
			<string>0</string>
			<key>defaultConfigurationName</key>
			<string>Release</string>
			<key>isa</key>
			<string>XCConfigurationList</string>
		</dict>
		<key>3238498317E96B9100DCA409</key>
		<dict>
			<key>buildSettings</key>
			<dict>
				<key>ARCHS</key>
				<string>$(ARCHS_STANDARD)</string>
				<key>CLANG_CXX_LANGUAGE_STANDARD</key>
				<string>gnu++0x</string>
				<key>CLANG_CXX_LIBRARY</key>
				<string>libc++</string>
				<key>CLANG_ENABLE_MODULES</key>
				<string>YES</string>
				<key>CLANG_ENABLE_OBJC_ARC</key>
				<string>NO</string>
				<key>CLANG_WARN_BOOL_CONVERSION</key>
				<string>YES</string>
				<key>CLANG_WARN_DIRECT_OBJC_ISA_USAGE</key>
				<string>YES_ERROR</string>
				<key>CLANG_WARN_EMPTY_BODY</key>
				<string>YES</string>
				<key>CLANG_WARN_OBJC_ROOT_CLASS</key>
				<string>YES_ERROR</string>
				<key>FRAMEWORK_SEARCH_PATHS</key>
				<array>
					<string>$(SDKROOT)/Developer/Library/Frameworks</string>
					<string>$(inherited)</string>
					<string>$(DEVELOPER_FRAMEWORKS_DIR)</string>
				</array>
				<key>GCC_PRECOMPILE_PREFIX_HEADER</key>
				<string>YES</string>
				<key>GCC_PREFIX_HEADER</key>
				<string>PlaynomicsSDKTests/PlaynomicsSDKTests-Prefix.pch</string>
				<key>GCC_PREPROCESSOR_DEFINITIONS</key>
				<array>
					<string>DEBUG=1</string>
					<string>$(inherited)</string>
				</array>
				<key>GCC_SYMBOLS_PRIVATE_EXTERN</key>
				<string>NO</string>
				<key>GCC_VERSION</key>
				<string></string>
				<key>GCC_WARN_64_TO_32_BIT_CONVERSION</key>
				<string>YES</string>
				<key>GCC_WARN_ABOUT_RETURN_TYPE</key>
				<string>YES_ERROR</string>
				<key>GCC_WARN_UNDECLARED_SELECTOR</key>
				<string>YES</string>
				<key>GCC_WARN_UNUSED_FUNCTION</key>
				<string>YES</string>
				<key>HEADER_SEARCH_PATHS</key>
				<array>
					<string>$(inherited)</string>
					<string>/Applications/Xcode5.app/Contents/Developer/Toolchains/XcodeDefault.xctoolchain/usr/include</string>
					<string>$(SRCROOT)/Libraries/**</string>
				</array>
				<key>INFOPLIST_FILE</key>
				<string>PlaynomicsSDKTests/PlaynomicsSDKTests-Info.plist</string>
				<key>IPHONEOS_DEPLOYMENT_TARGET</key>
				<string>7.0</string>
				<key>LIBRARY_SEARCH_PATHS</key>
				<string>$(SRCROOT)/Libraries/**</string>
				<key>ONLY_ACTIVE_ARCH</key>
				<string>YES</string>
				<key>OTHER_LDFLAGS</key>
				<array>
					<string>$(inherited)</string>
					<string>-framework</string>
					<string>XCTest</string>
					<string>-force_load</string>
					<string>$(SRCROOT)/Libraries/libOCMock.a</string>
					<string>-ObjC</string>
				</array>
				<key>PRODUCT_NAME</key>
				<string>$(TARGET_NAME)</string>
				<key>SDKROOT</key>
				<string>iphoneos7.0</string>
				<key>SYMROOT</key>
				<string>build</string>
				<key>VALID_ARCHS</key>
				<string>armv7 armv7s </string>
				<key>WRAPPER_EXTENSION</key>
				<string>xctest</string>
			</dict>
			<key>isa</key>
			<string>XCBuildConfiguration</string>
			<key>name</key>
			<string>Debug</string>
		</dict>
		<key>3238498417E96B9100DCA409</key>
		<dict>
			<key>buildSettings</key>
			<dict>
				<key>ARCHS</key>
				<string>$(ARCHS_STANDARD)</string>
				<key>CLANG_CXX_LANGUAGE_STANDARD</key>
				<string>gnu++0x</string>
				<key>CLANG_CXX_LIBRARY</key>
				<string>libc++</string>
				<key>CLANG_ENABLE_MODULES</key>
				<string>YES</string>
				<key>CLANG_ENABLE_OBJC_ARC</key>
				<string>NO</string>
				<key>CLANG_WARN_BOOL_CONVERSION</key>
				<string>YES</string>
				<key>CLANG_WARN_DIRECT_OBJC_ISA_USAGE</key>
				<string>YES_ERROR</string>
				<key>CLANG_WARN_EMPTY_BODY</key>
				<string>YES</string>
				<key>CLANG_WARN_OBJC_ROOT_CLASS</key>
				<string>YES_ERROR</string>
				<key>ENABLE_NS_ASSERTIONS</key>
				<string>NO</string>
				<key>FRAMEWORK_SEARCH_PATHS</key>
				<array>
					<string>$(SDKROOT)/Developer/Library/Frameworks</string>
					<string>$(inherited)</string>
					<string>$(DEVELOPER_FRAMEWORKS_DIR)</string>
				</array>
				<key>GCC_PRECOMPILE_PREFIX_HEADER</key>
				<string>YES</string>
				<key>GCC_PREFIX_HEADER</key>
				<string>PlaynomicsSDKTests/PlaynomicsSDKTests-Prefix.pch</string>
				<key>GCC_VERSION</key>
				<string></string>
				<key>GCC_WARN_64_TO_32_BIT_CONVERSION</key>
				<string>YES</string>
				<key>GCC_WARN_ABOUT_RETURN_TYPE</key>
				<string>YES_ERROR</string>
				<key>GCC_WARN_UNDECLARED_SELECTOR</key>
				<string>YES</string>
				<key>GCC_WARN_UNUSED_FUNCTION</key>
				<string>YES</string>
				<key>HEADER_SEARCH_PATHS</key>
				<array>
					<string>$(inherited)</string>
					<string>/Applications/Xcode5.app/Contents/Developer/Toolchains/XcodeDefault.xctoolchain/usr/include</string>
					<string>$(SRCROOT)/Libraries/**</string>
				</array>
				<key>INFOPLIST_FILE</key>
				<string>PlaynomicsSDKTests/PlaynomicsSDKTests-Info.plist</string>
				<key>IPHONEOS_DEPLOYMENT_TARGET</key>
				<string>7.0</string>
				<key>LIBRARY_SEARCH_PATHS</key>
				<string>$(SRCROOT)/Libraries/**</string>
				<key>OTHER_LDFLAGS</key>
				<array>
					<string>$(inherited)</string>
					<string>-framework</string>
					<string>XCTest</string>
					<string>-force_load</string>
					<string>$(SRCROOT)/Libraries/libOCMock.a</string>
					<string>-ObjC</string>
				</array>
				<key>PRODUCT_NAME</key>
				<string>$(TARGET_NAME)</string>
				<key>SDKROOT</key>
				<string>iphoneos7.0</string>
				<key>SYMROOT</key>
				<string>build</string>
				<key>VALID_ARCHS</key>
				<string>armv7 armv7s </string>
				<key>WRAPPER_EXTENSION</key>
				<string>xctest</string>
			</dict>
			<key>isa</key>
			<string>XCBuildConfiguration</string>
			<key>name</key>
			<string>Release</string>
		</dict>
		<key>323B353417E980BA00A2F7BC</key>
		<dict>
			<key>fileEncoding</key>
			<string>4</string>
			<key>isa</key>
			<string>PBXFileReference</string>
			<key>lastKnownFileType</key>
			<string>sourcecode.c.h</string>
			<key>name</key>
			<string>StubDeviceToken.h</string>
			<key>path</key>
			<string>PlaynomicsSDKTests/StubDeviceToken.h</string>
			<key>sourceTree</key>
			<string>SOURCE_ROOT</string>
		</dict>
		<key>323B353517E980BA00A2F7BC</key>
		<dict>
			<key>fileEncoding</key>
			<string>4</string>
			<key>isa</key>
			<string>PBXFileReference</string>
			<key>lastKnownFileType</key>
			<string>sourcecode.c.objc</string>
			<key>name</key>
			<string>StubDeviceToken.m</string>
			<key>path</key>
			<string>PlaynomicsSDKTests/StubDeviceToken.m</string>
			<key>sourceTree</key>
			<string>SOURCE_ROOT</string>
		</dict>
		<key>323B353617E980BA00A2F7BC</key>
		<dict>
			<key>fileEncoding</key>
			<string>4</string>
			<key>isa</key>
			<string>PBXFileReference</string>
			<key>lastKnownFileType</key>
			<string>sourcecode.c.h</string>
			<key>name</key>
			<string>StubPNCache.h</string>
			<key>path</key>
			<string>PlaynomicsSDKTests/StubPNCache.h</string>
			<key>sourceTree</key>
			<string>SOURCE_ROOT</string>
		</dict>
		<key>323B353717E980BA00A2F7BC</key>
		<dict>
			<key>fileEncoding</key>
			<string>4</string>
			<key>isa</key>
			<string>PBXFileReference</string>
			<key>lastKnownFileType</key>
			<string>sourcecode.c.objc</string>
			<key>name</key>
			<string>StubPNCache.m</string>
			<key>path</key>
			<string>PlaynomicsSDKTests/StubPNCache.m</string>
			<key>sourceTree</key>
			<string>SOURCE_ROOT</string>
		</dict>
		<key>323B353817E980BA00A2F7BC</key>
		<dict>
			<key>fileEncoding</key>
			<string>4</string>
			<key>isa</key>
			<string>PBXFileReference</string>
			<key>lastKnownFileType</key>
			<string>sourcecode.c.h</string>
			<key>name</key>
			<string>StubPNEventApiClient.h</string>
			<key>path</key>
			<string>PlaynomicsSDKTests/StubPNEventApiClient.h</string>
			<key>sourceTree</key>
			<string>SOURCE_ROOT</string>
		</dict>
		<key>323B353917E980BA00A2F7BC</key>
		<dict>
			<key>fileEncoding</key>
			<string>4</string>
			<key>isa</key>
			<string>PBXFileReference</string>
			<key>lastKnownFileType</key>
			<string>sourcecode.c.objc</string>
			<key>name</key>
			<string>StubPNEventApiClient.m</string>
			<key>path</key>
			<string>PlaynomicsSDKTests/StubPNEventApiClient.m</string>
			<key>sourceTree</key>
			<string>SOURCE_ROOT</string>
		</dict>
		<key>323B353D17E9859400A2F7BC</key>
		<dict>
			<key>isa</key>
			<string>PBXFileReference</string>
			<key>lastKnownFileType</key>
			<string>wrapper.framework</string>
			<key>name</key>
			<string>Foundation.framework</string>
			<key>path</key>
			<string>System/Library/Frameworks/Foundation.framework</string>
			<key>sourceTree</key>
			<string>SDKROOT</string>
		</dict>
		<key>323B353E17E9859400A2F7BC</key>
		<dict>
			<key>fileRef</key>
			<string>323B353D17E9859400A2F7BC</string>
			<key>isa</key>
			<string>PBXBuildFile</string>
			<key>settings</key>
			<dict>
				<key>ATTRIBUTES</key>
				<array>
					<string>Required</string>
				</array>
			</dict>
		</dict>
		<key>323B353F17E985AD00A2F7BC</key>
		<dict>
			<key>isa</key>
			<string>PBXFileReference</string>
			<key>lastKnownFileType</key>
			<string>wrapper.framework</string>
			<key>name</key>
			<string>AdSupport.framework</string>
			<key>path</key>
			<string>System/Library/Frameworks/AdSupport.framework</string>
			<key>sourceTree</key>
			<string>SDKROOT</string>
		</dict>
		<key>323B354017E985AD00A2F7BC</key>
		<dict>
			<key>fileRef</key>
			<string>323B353F17E985AD00A2F7BC</string>
			<key>isa</key>
			<string>PBXBuildFile</string>
		</dict>
		<key>323B354117E985B100A2F7BC</key>
		<dict>
			<key>isa</key>
			<string>PBXFileReference</string>
			<key>lastKnownFileType</key>
			<string>wrapper.framework</string>
			<key>name</key>
			<string>XCTest.framework</string>
			<key>path</key>
			<string>Library/Frameworks/XCTest.framework</string>
			<key>sourceTree</key>
			<string>DEVELOPER_DIR</string>
		</dict>
		<key>323B355317E986D400A2F7BC</key>
		<dict>
			<key>children</key>
			<array>
				<string>329D45EA17E9952C001A95BB</string>
				<string>323B354117E985B100A2F7BC</string>
				<string>323B353F17E985AD00A2F7BC</string>
				<string>323B353D17E9859400A2F7BC</string>
				<string>CF696F6B459A41929B7D9D2F</string>
			</array>
			<key>isa</key>
			<string>PBXGroup</string>
			<key>name</key>
			<string>Frameworks</string>
			<key>sourceTree</key>
			<string>&lt;group&gt;</string>
		</dict>
		<key>323B355417E9894700A2F7BC</key>
		<dict>
			<key>fileRef</key>
			<string>323B353D17E9859400A2F7BC</string>
			<key>isa</key>
			<string>PBXBuildFile</string>
		</dict>
		<key>328D497217E990EA0067DAB7</key>
		<dict>
			<key>fileRef</key>
			<string>323B354117E985B100A2F7BC</string>
			<key>isa</key>
			<string>PBXBuildFile</string>
		</dict>
		<key>328D497317E993790067DAB7</key>
		<dict>
			<key>fileEncoding</key>
			<string>4</string>
			<key>isa</key>
			<string>PBXFileReference</string>
			<key>lastKnownFileType</key>
			<string>text.plist.xml</string>
			<key>name</key>
			<string>PlaynomicsSDKTests-Info.plist</string>
			<key>path</key>
			<string>PlaynomicsSDKTests/PlaynomicsSDKTests-Info.plist</string>
			<key>sourceTree</key>
			<string>SOURCE_ROOT</string>
		</dict>
		<key>3290166717CD0B740041895A</key>
		<dict>
			<key>children</key>
			<array>
				<string>323B353417E980BA00A2F7BC</string>
				<string>323B353517E980BA00A2F7BC</string>
				<string>323B353617E980BA00A2F7BC</string>
				<string>323B353717E980BA00A2F7BC</string>
				<string>323B353817E980BA00A2F7BC</string>
				<string>323B353917E980BA00A2F7BC</string>
			</array>
			<key>isa</key>
			<string>PBXGroup</string>
			<key>name</key>
			<string>Mocks</string>
			<key>path</key>
			<string>../PlaynomicsSDKTests</string>
			<key>sourceTree</key>
			<string>&lt;group&gt;</string>
		</dict>
		<key>3290176E17DA5BAF0041895A</key>
		<dict>
			<key>children</key>
			<array>
				<string>32306C0C17E97107001240D7</string>
				<string>32306C0717E97107001240D7</string>
				<string>32306C1417E97108001240D7</string>
				<string>32306C0917E97107001240D7</string>
				<string>32306C4417E97108001240D7</string>
				<string>32306C0817E97107001240D7</string>
				<string>32306C0217E97107001240D7</string>
				<string>32306C1517E97108001240D7</string>
				<string>32306C0B17E97107001240D7</string>
				<string>32306C0117E97107001240D7</string>
			</array>
			<key>isa</key>
			<string>PBXGroup</string>
			<key>name</key>
			<string>Messaging</string>
			<key>path</key>
			<string>../PlaynomicsSDK</string>
			<key>sourceTree</key>
			<string>&lt;group&gt;</string>
		</dict>
		<key>3290176F17DA5BB40041895A</key>
		<dict>
			<key>children</key>
			<array>
				<string>32D54F6517F20FB50029848E</string>
				<string>32D54F6817F20FB50029848E</string>
				<string>32D54F6917F20FB50029848E</string>
				<string>32D54F6417F20FB50029848E</string>
				<string>32D54F6717F20FB50029848E</string>
				<string>32D54F6A17F20FB50029848E</string>
				<string>32306C1A17E97108001240D7</string>
				<string>32306C1917E97108001240D7</string>
				<string>32306C1317E97108001240D7</string>
				<string>32306C0017E97107001240D7</string>
				<string>32306C1D17E97108001240D7</string>
				<string>32306C0617E97107001240D7</string>
				<string>32306C3717E97108001240D7</string>
				<string>32306C1717E97108001240D7</string>
				<string>32306C0417E97107001240D7</string>
				<string>32306C1617E97108001240D7</string>
				<string>32306C4317E97108001240D7</string>
				<string>32306C1E17E97108001240D7</string>
				<string>32306C1817E97108001240D7</string>
				<string>32D54F6117F20A550029848E</string>
			</array>
			<key>isa</key>
			<string>PBXGroup</string>
			<key>name</key>
			<string>Client</string>
			<key>path</key>
			<string>../PlaynomicsSDK</string>
			<key>sourceTree</key>
			<string>&lt;group&gt;</string>
		</dict>
		<key>3290177017DA5BCD0041895A</key>
		<dict>
			<key>children</key>
			<array>
				<string>32306C4117E97108001240D7</string>
				<string>32306C3D17E97108001240D7</string>
				<string>32306C3E17E97108001240D7</string>
				<string>32306C2117E97108001240D7</string>
				<string>32306C2317E97108001240D7</string>
				<string>32306C2217E97108001240D7</string>
				<string>32306C2417E97108001240D7</string>
				<string>32306C2517E97108001240D7</string>
				<string>32306C2617E97108001240D7</string>
				<string>32306C2717E97108001240D7</string>
				<string>32306C2817E97108001240D7</string>
				<string>32306C2917E97108001240D7</string>
				<string>32306C1B17E97108001240D7</string>
				<string>32306C1C17E97108001240D7</string>
				<string>32306C0317E97107001240D7</string>
			</array>
			<key>isa</key>
			<string>PBXGroup</string>
			<key>name</key>
			<string>Util</string>
			<key>path</key>
			<string>../PlaynomicsSDK</string>
			<key>sourceTree</key>
			<string>&lt;group&gt;</string>
		</dict>
		<key>3290177117DA5BDB0041895A</key>
		<dict>
			<key>children</key>
			<array>
				<string>32306C2017E97108001240D7</string>
				<string>32306C1117E97108001240D7</string>
				<string>32306C4217E97108001240D7</string>
				<string>32306C0A17E97107001240D7</string>
				<string>32306C3B17E97108001240D7</string>
				<string>32306C3C17E97108001240D7</string>
			</array>
			<key>isa</key>
			<string>PBXGroup</string>
			<key>name</key>
			<string>Session</string>
			<key>path</key>
			<string>../PlaynomicsSDK</string>
			<key>sourceTree</key>
			<string>&lt;group&gt;</string>
		</dict>
		<key>3290177217DA5C0A0041895A</key>
		<dict>
			<key>children</key>
			<array>
				<string>32306C0E17E97108001240D7</string>
				<string>32306C2A17E97108001240D7</string>
				<string>32306C2B17E97108001240D7</string>
				<string>32306C2C17E97108001240D7</string>
				<string>32306C3917E97108001240D7</string>
				<string>32306C3A17E97108001240D7</string>
				<string>32306C3F17E97108001240D7</string>
				<string>32306C4017E97108001240D7</string>
				<string>32306C0F17E97108001240D7</string>
				<string>32306C1017E97108001240D7</string>
				<string>32306C3317E97108001240D7</string>
				<string>32306C3417E97108001240D7</string>
				<string>32306C3517E97108001240D7</string>
				<string>32306C3617E97108001240D7</string>
				<string>32306C3817E97108001240D7</string>
				<string>32306C0517E97107001240D7</string>
				<string>32306C2D17E97108001240D7</string>
				<string>32306C2E17E97108001240D7</string>
				<string>32306C2F17E97108001240D7</string>
				<string>32306C3017E97108001240D7</string>
				<string>32306C3117E97108001240D7</string>
				<string>32306C3217E97108001240D7</string>
			</array>
			<key>isa</key>
			<string>PBXGroup</string>
			<key>name</key>
			<string>Events</string>
			<key>path</key>
			<string>../PlaynomicsSDK</string>
			<key>sourceTree</key>
			<string>&lt;group&gt;</string>
		</dict>
		<key>329D45EA17E9952C001A95BB</key>
		<dict>
			<key>isa</key>
			<string>PBXFileReference</string>
			<key>lastKnownFileType</key>
			<string>wrapper.framework</string>
			<key>name</key>
			<string>UIKit.framework</string>
			<key>path</key>
			<string>System/Library/Frameworks/UIKit.framework</string>
			<key>sourceTree</key>
			<string>SDKROOT</string>
		</dict>
		<key>329D45EB17E9952C001A95BB</key>
		<dict>
			<key>fileRef</key>
			<string>329D45EA17E9952C001A95BB</string>
			<key>isa</key>
			<string>PBXBuildFile</string>
		</dict>
		<key>329D460B17EA266A001A95BB</key>
		<dict>
			<key>fileRef</key>
			<string>323B353717E980BA00A2F7BC</string>
			<key>isa</key>
			<string>PBXBuildFile</string>
		</dict>
		<key>329D460C17EA2673001A95BB</key>
		<dict>
			<key>fileRef</key>
			<string>323B353517E980BA00A2F7BC</string>
			<key>isa</key>
			<string>PBXBuildFile</string>
		</dict>
		<key>329D460D17EA267A001A95BB</key>
		<dict>
			<key>fileRef</key>
			<string>323B353917E980BA00A2F7BC</string>
			<key>isa</key>
			<string>PBXBuildFile</string>
		</dict>
		<key>32A7C34217C6A7DE00E959A3</key>
		<dict>
			<key>children</key>
			<array>
				<string>32A7C35017C6A84300E959A3</string>
				<string>32A7C35117C6A84300E959A3</string>
			</array>
			<key>isa</key>
			<string>PBXGroup</string>
			<key>path</key>
			<string>Libraries</string>
			<key>sourceTree</key>
			<string>&lt;group&gt;</string>
		</dict>
		<key>32A7C35017C6A84300E959A3</key>
		<dict>
			<key>isa</key>
			<string>PBXFileReference</string>
			<key>lastKnownFileType</key>
			<string>archive.ar</string>
			<key>path</key>
			<string>libOCMock.a</string>
			<key>sourceTree</key>
			<string>&lt;group&gt;</string>
		</dict>
		<key>32A7C35117C6A84300E959A3</key>
		<dict>
			<key>children</key>
			<array>
				<string>32A7C35517C6A84300E959A3</string>
				<string>32A7C35217C6A84300E959A3</string>
				<string>32A7C35317C6A84300E959A3</string>
				<string>32A7C35417C6A84300E959A3</string>
				<string>32A7C35617C6A84300E959A3</string>
				<string>32A7C35717C6A84300E959A3</string>
			</array>
			<key>isa</key>
			<string>PBXGroup</string>
			<key>path</key>
			<string>OCMock</string>
			<key>sourceTree</key>
			<string>&lt;group&gt;</string>
		</dict>
		<key>32A7C35217C6A84300E959A3</key>
		<dict>
			<key>fileEncoding</key>
			<string>4</string>
			<key>isa</key>
			<string>PBXFileReference</string>
			<key>lastKnownFileType</key>
			<string>sourcecode.c.h</string>
			<key>path</key>
			<string>NSNotificationCenter+OCMAdditions.h</string>
			<key>sourceTree</key>
			<string>&lt;group&gt;</string>
		</dict>
		<key>32A7C35317C6A84300E959A3</key>
		<dict>
			<key>fileEncoding</key>
			<string>4</string>
			<key>isa</key>
			<string>PBXFileReference</string>
			<key>lastKnownFileType</key>
			<string>sourcecode.c.h</string>
			<key>path</key>
			<string>OCMArg.h</string>
			<key>sourceTree</key>
			<string>&lt;group&gt;</string>
		</dict>
		<key>32A7C35417C6A84300E959A3</key>
		<dict>
			<key>fileEncoding</key>
			<string>4</string>
			<key>isa</key>
			<string>PBXFileReference</string>
			<key>lastKnownFileType</key>
			<string>sourcecode.c.h</string>
			<key>path</key>
			<string>OCMConstraint.h</string>
			<key>sourceTree</key>
			<string>&lt;group&gt;</string>
		</dict>
		<key>32A7C35517C6A84300E959A3</key>
		<dict>
			<key>fileEncoding</key>
			<string>4</string>
			<key>isa</key>
			<string>PBXFileReference</string>
			<key>lastKnownFileType</key>
			<string>sourcecode.c.h</string>
			<key>path</key>
			<string>OCMock.h</string>
			<key>sourceTree</key>
			<string>&lt;group&gt;</string>
		</dict>
		<key>32A7C35617C6A84300E959A3</key>
		<dict>
			<key>fileEncoding</key>
			<string>4</string>
			<key>isa</key>
			<string>PBXFileReference</string>
			<key>lastKnownFileType</key>
			<string>sourcecode.c.h</string>
			<key>path</key>
			<string>OCMockObject.h</string>
			<key>sourceTree</key>
			<string>&lt;group&gt;</string>
		</dict>
		<key>32A7C35717C6A84300E959A3</key>
		<dict>
			<key>fileEncoding</key>
			<string>4</string>
			<key>isa</key>
			<string>PBXFileReference</string>
			<key>lastKnownFileType</key>
			<string>sourcecode.c.h</string>
			<key>path</key>
			<string>OCMockRecorder.h</string>
			<key>sourceTree</key>
			<string>&lt;group&gt;</string>
		</dict>
		<key>32C8495917EBE03E006411BD</key>
		<dict>
			<key>fileRef</key>
			<string>323B353F17E985AD00A2F7BC</string>
			<key>isa</key>
			<string>PBXBuildFile</string>
			<key>settings</key>
			<dict>
				<key>ATTRIBUTES</key>
				<array>
					<string>Weak</string>
				</array>
			</dict>
		</dict>
		<key>32D54F5A17F209370029848E</key>
		<dict>
			<key>children</key>
			<array>
				<string>32D54F5D17F209770029848E</string>
				<string>32D54F5C17F2096C0029848E</string>
				<string>32D54F5B17F209490029848E</string>
			</array>
			<key>isa</key>
			<string>PBXGroup</string>
			<key>name</key>
			<string>Public</string>
			<key>sourceTree</key>
			<string>&lt;group&gt;</string>
		</dict>
		<key>32D54F5B17F209490029848E</key>
		<dict>
			<key>fileEncoding</key>
			<string>4</string>
			<key>isa</key>
			<string>PBXFileReference</string>
			<key>lastKnownFileType</key>
			<string>sourcecode.c.h</string>
			<key>name</key>
			<string>Playnomics.h</string>
			<key>path</key>
			<string>PlaynomicsSDK/Playnomics.h</string>
			<key>sourceTree</key>
			<string>&lt;group&gt;</string>
		</dict>
		<key>32D54F5C17F2096C0029848E</key>
		<dict>
			<key>fileEncoding</key>
			<string>4</string>
			<key>isa</key>
			<string>PBXFileReference</string>
			<key>lastKnownFileType</key>
			<string>sourcecode.c.h</string>
			<key>name</key>
			<string>PNLogger.h</string>
			<key>path</key>
			<string>PlaynomicsSDK/PNLogger.h</string>
			<key>sourceTree</key>
			<string>&lt;group&gt;</string>
		</dict>
		<key>32D54F5D17F209770029848E</key>
		<dict>
			<key>fileEncoding</key>
			<string>4</string>
			<key>isa</key>
			<string>PBXFileReference</string>
			<key>lastKnownFileType</key>
			<string>text.xcconfig</string>
			<key>path</key>
			<string>dev.xcconfig</string>
			<key>sourceTree</key>
			<string>&lt;group&gt;</string>
		</dict>
		<key>32D54F6117F20A550029848E</key>
		<dict>
			<key>fileEncoding</key>
			<string>4</string>
			<key>isa</key>
			<string>PBXFileReference</string>
			<key>lastKnownFileType</key>
			<string>sourcecode.c.h</string>
			<key>path</key>
			<string>PNAdData.h</string>
			<key>sourceTree</key>
			<string>&lt;group&gt;</string>
		</dict>
		<key>32D54F6417F20FB50029848E</key>
		<dict>
			<key>fileEncoding</key>
			<string>4</string>
			<key>isa</key>
			<string>PBXFileReference</string>
			<key>lastKnownFileType</key>
			<string>sourcecode.c.objc</string>
			<key>path</key>
			<string>PNAd.m</string>
			<key>sourceTree</key>
			<string>&lt;group&gt;</string>
		</dict>
		<key>32D54F6517F20FB50029848E</key>
		<dict>
			<key>fileEncoding</key>
			<string>4</string>
			<key>isa</key>
			<string>PBXFileReference</string>
			<key>lastKnownFileType</key>
			<string>sourcecode.c.objc</string>
			<key>path</key>
			<string>PNBackground.m</string>
			<key>sourceTree</key>
			<string>&lt;group&gt;</string>
		</dict>
		<key>32D54F6717F20FB50029848E</key>
		<dict>
			<key>fileEncoding</key>
			<string>4</string>
			<key>isa</key>
			<string>PBXFileReference</string>
			<key>lastKnownFileType</key>
			<string>sourcecode.c.objc</string>
			<key>path</key>
			<string>PNHtmlAd.m</string>
			<key>sourceTree</key>
			<string>&lt;group&gt;</string>
		</dict>
		<key>32D54F6817F20FB50029848E</key>
		<dict>
			<key>fileEncoding</key>
			<string>4</string>
			<key>isa</key>
			<string>PBXFileReference</string>
			<key>lastKnownFileType</key>
			<string>sourcecode.c.objc</string>
			<key>path</key>
			<string>PNHtmlCloseButton.m</string>
			<key>sourceTree</key>
			<string>&lt;group&gt;</string>
		</dict>
		<key>32D54F6917F20FB50029848E</key>
		<dict>
			<key>fileEncoding</key>
			<string>4</string>
			<key>isa</key>
			<string>PBXFileReference</string>
			<key>lastKnownFileType</key>
			<string>sourcecode.c.objc</string>
			<key>path</key>
			<string>PNNativeCloseButton.m</string>
			<key>sourceTree</key>
			<string>&lt;group&gt;</string>
		</dict>
		<key>32D54F6A17F20FB50029848E</key>
		<dict>
			<key>fileEncoding</key>
			<string>4</string>
			<key>isa</key>
			<string>PBXFileReference</string>
			<key>lastKnownFileType</key>
			<string>sourcecode.c.objc</string>
			<key>path</key>
			<string>PNNativeAd.m</string>
			<key>sourceTree</key>
			<string>&lt;group&gt;</string>
		</dict>
		<key>32D54F6B17F20FB50029848E</key>
		<dict>
			<key>fileRef</key>
			<string>32D54F6417F20FB50029848E</string>
			<key>isa</key>
			<string>PBXBuildFile</string>
		</dict>
		<key>32D54F6C17F20FB50029848E</key>
		<dict>
			<key>fileRef</key>
			<string>32D54F6517F20FB50029848E</string>
			<key>isa</key>
			<string>PBXBuildFile</string>
		</dict>
		<key>32D54F6E17F20FB50029848E</key>
		<dict>
			<key>fileRef</key>
			<string>32D54F6717F20FB50029848E</string>
			<key>isa</key>
			<string>PBXBuildFile</string>
		</dict>
		<key>32D54F6F17F20FB50029848E</key>
		<dict>
			<key>fileRef</key>
			<string>32D54F6817F20FB50029848E</string>
			<key>isa</key>
			<string>PBXBuildFile</string>
		</dict>
		<key>32D54F7017F20FB50029848E</key>
		<dict>
			<key>fileRef</key>
			<string>32D54F6917F20FB50029848E</string>
			<key>isa</key>
			<string>PBXBuildFile</string>
		</dict>
		<key>32D54F7117F20FB50029848E</key>
		<dict>
			<key>fileRef</key>
			<string>32D54F6A17F20FB50029848E</string>
			<key>isa</key>
			<string>PBXBuildFile</string>
		</dict>
		<key>32D54F7917F271230029848E</key>
		<dict>
			<key>fileEncoding</key>
			<string>4</string>
			<key>isa</key>
			<string>PBXFileReference</string>
			<key>lastKnownFileType</key>
			<string>sourcecode.c.objc</string>
			<key>name</key>
			<string>PNBackgroundTests.m</string>
			<key>path</key>
			<string>PlaynomicsSDKTests/PNBackgroundTests.m</string>
			<key>sourceTree</key>
			<string>SOURCE_ROOT</string>
		</dict>
		<key>32D54F7A17F271230029848E</key>
		<dict>
			<key>fileEncoding</key>
			<string>4</string>
			<key>isa</key>
			<string>PBXFileReference</string>
			<key>lastKnownFileType</key>
			<string>sourcecode.c.objc</string>
			<key>name</key>
			<string>PNFrameResponseTests.m</string>
			<key>path</key>
			<string>PlaynomicsSDKTests/PNFrameResponseTests.m</string>
			<key>sourceTree</key>
			<string>SOURCE_ROOT</string>
		</dict>
		<key>32D54F7B17F271230029848E</key>
		<dict>
			<key>fileEncoding</key>
			<string>4</string>
			<key>isa</key>
			<string>PBXFileReference</string>
			<key>lastKnownFileType</key>
			<string>sourcecode.c.objc</string>
			<key>name</key>
			<string>PNFrameTests.m</string>
			<key>path</key>
			<string>PlaynomicsSDKTests/PNFrameTests.m</string>
			<key>sourceTree</key>
			<string>SOURCE_ROOT</string>
		</dict>
		<key>32D54F7F17F271DB0029848E</key>
		<dict>
			<key>fileRef</key>
			<string>32D54F7917F271230029848E</string>
			<key>isa</key>
			<string>PBXBuildFile</string>
		</dict>
		<key>32D54F8017F271DB0029848E</key>
		<dict>
			<key>fileRef</key>
			<string>32D54F7A17F271230029848E</string>
			<key>isa</key>
			<string>PBXBuildFile</string>
		</dict>
		<key>32D54F8117F271DB0029848E</key>
		<dict>
			<key>fileRef</key>
			<string>32D54F7B17F271230029848E</string>
			<key>isa</key>
			<string>PBXBuildFile</string>
		</dict>
		<key>5685538B168C4BBB9E72475F</key>
		<dict>
			<key>fileRef</key>
			<string>CF696F6B459A41929B7D9D2F</string>
			<key>isa</key>
			<string>PBXBuildFile</string>
		</dict>
		<key>CA21248E63324CBF9C4FE764</key>
		<dict>
			<key>includeInIndex</key>
			<string>1</string>
			<key>isa</key>
			<string>PBXFileReference</string>
			<key>lastKnownFileType</key>
			<string>text.xcconfig</string>
			<key>name</key>
			<string>Pods.xcconfig</string>
			<key>path</key>
			<string>Pods/Pods.xcconfig</string>
			<key>sourceTree</key>
			<string>&lt;group&gt;</string>
		</dict>
		<key>CF696F6B459A41929B7D9D2F</key>
		<dict>
			<key>explicitFileType</key>
			<string>archive.ar</string>
			<key>includeInIndex</key>
			<string>0</string>
			<key>isa</key>
			<string>PBXFileReference</string>
			<key>path</key>
			<string>libPods.a</string>
			<key>sourceTree</key>
			<string>BUILT_PRODUCTS_DIR</string>
		</dict>
		<key>D1D922651590F59500EDDE17</key>
		<dict>
			<key>children</key>
			<array>
				<string>32D54F5A17F209370029848E</string>
				<string>323B355317E986D400A2F7BC</string>
				<string>32A7C34217C6A7DE00E959A3</string>
				<string>3238496517E96B9100DCA409</string>
				<string>3238497717E96B9100DCA409</string>
				<string>D1D922711590F59600EDDE17</string>
				<string>CA21248E63324CBF9C4FE764</string>
			</array>
			<key>isa</key>
			<string>PBXGroup</string>
			<key>sourceTree</key>
			<string>&lt;group&gt;</string>
		</dict>
		<key>D1D922671590F59500EDDE17</key>
		<dict>
			<key>attributes</key>
			<dict>
				<key>LastUpgradeCheck</key>
				<string>0460</string>
			</dict>
			<key>buildConfigurationList</key>
			<string>D1D9226A1590F59500EDDE17</string>
			<key>compatibilityVersion</key>
			<string>Xcode 3.2</string>
			<key>developmentRegion</key>
			<string>English</string>
			<key>hasScannedForEncodings</key>
			<string>0</string>
			<key>isa</key>
			<string>PBXProject</string>
			<key>knownRegions</key>
			<array>
				<string>en</string>
			</array>
			<key>mainGroup</key>
			<string>D1D922651590F59500EDDE17</string>
			<key>productRefGroup</key>
			<string>D1D922711590F59600EDDE17</string>
			<key>projectDirPath</key>
			<string></string>
			<key>projectReferences</key>
			<array/>
			<key>projectRoot</key>
			<string></string>
			<key>targets</key>
			<array>
				<string>3238496217E96B9100DCA409</string>
				<string>3238496F17E96B9100DCA409</string>
			</array>
		</dict>
		<key>D1D9226A1590F59500EDDE17</key>
		<dict>
			<key>buildConfigurations</key>
			<array>
				<string>D1D922921590F59700EDDE17</string>
				<string>D1D922931590F59700EDDE17</string>
			</array>
			<key>defaultConfigurationIsVisible</key>
			<string>0</string>
			<key>defaultConfigurationName</key>
			<string>Release</string>
			<key>isa</key>
			<string>XCConfigurationList</string>
		</dict>
		<key>D1D922711590F59600EDDE17</key>
		<dict>
			<key>children</key>
			<array>
				<string>3238496317E96B9100DCA409</string>
				<string>3238497017E96B9100DCA409</string>
			</array>
			<key>isa</key>
			<string>PBXGroup</string>
			<key>name</key>
			<string>Products</string>
			<key>sourceTree</key>
			<string>&lt;group&gt;</string>
		</dict>
		<key>D1D922921590F59700EDDE17</key>
		<dict>
			<key>buildSettings</key>
			<dict>
				<key>ALWAYS_SEARCH_USER_PATHS</key>
				<string>NO</string>
				<key>ARCHS</key>
				<string>$(ARCHS_STANDARD_32_BIT)</string>
				<key>CLANG_ENABLE_OBJC_ARC</key>
				<string>NO</string>
				<key>CLANG_WARN_CONSTANT_CONVERSION</key>
				<string>YES</string>
				<key>CLANG_WARN_ENUM_CONVERSION</key>
				<string>YES</string>
				<key>CLANG_WARN_INT_CONVERSION</key>
				<string>YES</string>
				<key>CLANG_WARN__DUPLICATE_METHOD_MATCH</key>
				<string>YES</string>
				<key>COPY_PHASE_STRIP</key>
				<string>NO</string>
				<key>GCC_C_LANGUAGE_STANDARD</key>
				<string>gnu99</string>
				<key>GCC_DYNAMIC_NO_PIC</key>
				<string>NO</string>
				<key>GCC_OPTIMIZATION_LEVEL</key>
				<string>0</string>
				<key>GCC_PREPROCESSOR_DEFINITIONS</key>
				<array>
					<string>DEBUG=1</string>
					<string>$(inherited)</string>
				</array>
				<key>GCC_SYMBOLS_PRIVATE_EXTERN</key>
				<string>YES</string>
				<key>GCC_THUMB_SUPPORT</key>
				<string>NO</string>
				<key>GCC_VERSION</key>
				<string>com.apple.compilers.llvm.clang.1_0</string>
				<key>GCC_WARN_ABOUT_MISSING_PROTOTYPES</key>
				<string>YES</string>
				<key>GCC_WARN_ABOUT_RETURN_TYPE</key>
				<string>YES</string>
				<key>GCC_WARN_UNINITIALIZED_AUTOS</key>
				<string>YES</string>
				<key>GCC_WARN_UNUSED_VARIABLE</key>
				<string>YES</string>
				<key>IPHONEOS_DEPLOYMENT_TARGET</key>
				<string>5.0</string>
				<key>PRODUCT_NAME</key>
				<string>PlaynomicsSDK</string>
				<key>SDKROOT</key>
				<string>iphoneos</string>
				<key>TARGETED_DEVICE_FAMILY</key>
				<string>1,2</string>
				<key>VALID_ARCHS</key>
				<string>armv7 i386 armv7s</string>
			</dict>
			<key>isa</key>
			<string>XCBuildConfiguration</string>
			<key>name</key>
			<string>Debug</string>
		</dict>
		<key>D1D922931590F59700EDDE17</key>
		<dict>
			<key>buildSettings</key>
			<dict>
				<key>ALWAYS_SEARCH_USER_PATHS</key>
				<string>NO</string>
				<key>ARCHS</key>
				<string>$(ARCHS_STANDARD_32_BIT)</string>
				<key>CLANG_ENABLE_OBJC_ARC</key>
				<string>NO</string>
				<key>CLANG_WARN_CONSTANT_CONVERSION</key>
				<string>YES</string>
				<key>CLANG_WARN_ENUM_CONVERSION</key>
				<string>YES</string>
				<key>CLANG_WARN_INT_CONVERSION</key>
				<string>YES</string>
				<key>CLANG_WARN__DUPLICATE_METHOD_MATCH</key>
				<string>YES</string>
				<key>COPY_PHASE_STRIP</key>
				<string>YES</string>
				<key>GCC_C_LANGUAGE_STANDARD</key>
				<string>gnu99</string>
				<key>GCC_SYMBOLS_PRIVATE_EXTERN</key>
				<string>YES</string>
				<key>GCC_THUMB_SUPPORT</key>
				<string>NO</string>
				<key>GCC_VERSION</key>
				<string>com.apple.compilers.llvm.clang.1_0</string>
				<key>GCC_WARN_ABOUT_MISSING_PROTOTYPES</key>
				<string>YES</string>
				<key>GCC_WARN_ABOUT_RETURN_TYPE</key>
				<string>YES</string>
				<key>GCC_WARN_UNINITIALIZED_AUTOS</key>
				<string>YES</string>
				<key>GCC_WARN_UNUSED_VARIABLE</key>
				<string>YES</string>
				<key>IPHONEOS_DEPLOYMENT_TARGET</key>
				<string>5.0</string>
				<key>PRODUCT_NAME</key>
				<string>PlaynomicsSDK</string>
				<key>SDKROOT</key>
				<string>iphoneos</string>
				<key>TARGETED_DEVICE_FAMILY</key>
				<string>1,2</string>
				<key>VALIDATE_PRODUCT</key>
				<string>YES</string>
				<key>VALID_ARCHS</key>
				<string>armv7 i386 armv7s</string>
			</dict>
			<key>isa</key>
			<string>XCBuildConfiguration</string>
			<key>name</key>
			<string>Release</string>
		</dict>
		<key>EB5220D0B690450DB66C9840</key>
		<dict>
			<key>buildActionMask</key>
			<string>2147483647</string>
			<key>files</key>
			<array/>
			<key>inputPaths</key>
			<array/>
			<key>isa</key>
			<string>PBXShellScriptBuildPhase</string>
			<key>name</key>
			<string>Check Pods Manifest.lock</string>
			<key>outputPaths</key>
			<array/>
			<key>runOnlyForDeploymentPostprocessing</key>
			<string>0</string>
			<key>shellPath</key>
			<string>/bin/sh</string>
			<key>shellScript</key>
			<string>diff "${PODS_ROOT}/../Podfile.lock" "${PODS_ROOT}/Manifest.lock" &gt; /dev/null
if [[ $? != 0 ]] ; then
    cat &lt;&lt; EOM
error: The sandbox is not in sync with the Podfile.lock. Run 'pod install' or update your CocoaPods installation.
EOM
    exit 1
fi
</string>
			<key>showEnvVarsInLog</key>
			<string>0</string>
		</dict>
	</dict>
	<key>rootObject</key>
	<string>D1D922671590F59500EDDE17</string>
</dict>
</plist>
