// !$*UTF8*$!
{
	archiveVersion = 1;
	classes = {
	};
	objectVersion = 46;
	objects = {

/* Begin PBXBuildFile section */
		5BACFC14159D3B8A00F95507 /* libiosapi.a in Frameworks */ = {isa = PBXBuildFile; fileRef = 5BACFC13159D3B8A00F95507 /* libiosapi.a */; };
		5BBAA079159BAF0000AA4993 /* UIKit.framework in Frameworks */ = {isa = PBXBuildFile; fileRef = 5BBAA078159BAF0000AA4993 /* UIKit.framework */; };
		5BBAA07B159BAF0000AA4993 /* Foundation.framework in Frameworks */ = {isa = PBXBuildFile; fileRef = 5BBAA07A159BAF0000AA4993 /* Foundation.framework */; };
		5BBAA07D159BAF0000AA4993 /* CoreGraphics.framework in Frameworks */ = {isa = PBXBuildFile; fileRef = 5BBAA07C159BAF0000AA4993 /* CoreGraphics.framework */; };
		5BBAA083159BAF0000AA4993 /* InfoPlist.strings in Resources */ = {isa = PBXBuildFile; fileRef = 5BBAA081159BAF0000AA4993 /* InfoPlist.strings */; };
		5BBAA085159BAF0000AA4993 /* main.m in Sources */ = {isa = PBXBuildFile; fileRef = 5BBAA084159BAF0000AA4993 /* main.m */; };
		5BBAA089159BAF0000AA4993 /* AppDelegate.m in Sources */ = {isa = PBXBuildFile; fileRef = 5BBAA088159BAF0000AA4993 /* AppDelegate.m */; };
		5BBAA08C159BAF0000AA4993 /* ViewController.m in Sources */ = {isa = PBXBuildFile; fileRef = 5BBAA08B159BAF0000AA4993 /* ViewController.m */; };
		5BBAA08F159BAF0000AA4993 /* ViewController_iPhone.xib in Resources */ = {isa = PBXBuildFile; fileRef = 5BBAA08D159BAF0000AA4993 /* ViewController_iPhone.xib */; };
		5BBAA092159BAF0000AA4993 /* ViewController_iPad.xib in Resources */ = {isa = PBXBuildFile; fileRef = 5BBAA090159BAF0000AA4993 /* ViewController_iPad.xib */; };
/* End PBXBuildFile section */

/* Begin PBXFileReference section */
		5BACFC13159D3B8A00F95507 /* libiosapi.a */ = {isa = PBXFileReference; lastKnownFileType = archive.ar; name = libiosapi.a; path = "../../../../Library/Developer/Xcode/DerivedData/iosapi-bjkqyrtlyjtbiqfjtdqrczayducv/Build/Products/Debug-iphonesimulator/libiosapi.a"; sourceTree = "<group>"; };
		5BBAA074159BAEFF00AA4993 /* PlaynomicsSample.app */ = {isa = PBXFileReference; explicitFileType = wrapper.application; includeInIndex = 0; path = PlaynomicsSample.app; sourceTree = BUILT_PRODUCTS_DIR; };
		5BBAA078159BAF0000AA4993 /* UIKit.framework */ = {isa = PBXFileReference; lastKnownFileType = wrapper.framework; name = UIKit.framework; path = System/Library/Frameworks/UIKit.framework; sourceTree = SDKROOT; };
		5BBAA07A159BAF0000AA4993 /* Foundation.framework */ = {isa = PBXFileReference; lastKnownFileType = wrapper.framework; name = Foundation.framework; path = System/Library/Frameworks/Foundation.framework; sourceTree = SDKROOT; };
		5BBAA07C159BAF0000AA4993 /* CoreGraphics.framework */ = {isa = PBXFileReference; lastKnownFileType = wrapper.framework; name = CoreGraphics.framework; path = System/Library/Frameworks/CoreGraphics.framework; sourceTree = SDKROOT; };
		5BBAA080159BAF0000AA4993 /* PlaynomicsSample-Info.plist */ = {isa = PBXFileReference; lastKnownFileType = text.plist.xml; path = "PlaynomicsSample-Info.plist"; sourceTree = "<group>"; };
		5BBAA082159BAF0000AA4993 /* en */ = {isa = PBXFileReference; lastKnownFileType = text.plist.strings; name = en; path = en.lproj/InfoPlist.strings; sourceTree = "<group>"; };
		5BBAA084159BAF0000AA4993 /* main.m */ = {isa = PBXFileReference; lastKnownFileType = sourcecode.c.objc; path = main.m; sourceTree = "<group>"; };
		5BBAA086159BAF0000AA4993 /* PlaynomicsSample-Prefix.pch */ = {isa = PBXFileReference; lastKnownFileType = sourcecode.c.h; path = "PlaynomicsSample-Prefix.pch"; sourceTree = "<group>"; };
		5BBAA087159BAF0000AA4993 /* AppDelegate.h */ = {isa = PBXFileReference; lastKnownFileType = sourcecode.c.h; path = AppDelegate.h; sourceTree = "<group>"; };
		5BBAA088159BAF0000AA4993 /* AppDelegate.m */ = {isa = PBXFileReference; lastKnownFileType = sourcecode.c.objc; path = AppDelegate.m; sourceTree = "<group>"; };
		5BBAA08A159BAF0000AA4993 /* ViewController.h */ = {isa = PBXFileReference; lastKnownFileType = sourcecode.c.h; lineEnding = 0; path = ViewController.h; sourceTree = "<group>"; xcLanguageSpecificationIdentifier = xcode.lang.objcpp; };
		5BBAA08B159BAF0000AA4993 /* ViewController.m */ = {isa = PBXFileReference; lastKnownFileType = sourcecode.c.objc; lineEnding = 0; path = ViewController.m; sourceTree = "<group>"; xcLanguageSpecificationIdentifier = xcode.lang.objc; };
		5BBAA08E159BAF0000AA4993 /* en */ = {isa = PBXFileReference; lastKnownFileType = file.xib; name = en; path = en.lproj/ViewController_iPhone.xib; sourceTree = "<group>"; };
		5BBAA091159BAF0000AA4993 /* en */ = {isa = PBXFileReference; lastKnownFileType = file.xib; name = en; path = en.lproj/ViewController_iPad.xib; sourceTree = "<group>"; };
		5BF38FCA159D389B00DDD957 /* PlaynomicsSession.h */ = {isa = PBXFileReference; fileEncoding = 4; lastKnownFileType = sourcecode.c.h; name = PlaynomicsSession.h; path = "../../../../../Library/Developer/Xcode/DerivedData/iosapi-bjkqyrtlyjtbiqfjtdqrczayducv/Build/Products/Debug-iphoneos/usr/local/include/PlaynomicsSession.h"; sourceTree = "<group>"; };
/* End PBXFileReference section */

/* Begin PBXFrameworksBuildPhase section */
		5BBAA071159BAEFF00AA4993 /* Frameworks */ = {
			isa = PBXFrameworksBuildPhase;
			buildActionMask = 2147483647;
			files = (
				5BBAA079159BAF0000AA4993 /* UIKit.framework in Frameworks */,
				5BBAA07B159BAF0000AA4993 /* Foundation.framework in Frameworks */,
				5BBAA07D159BAF0000AA4993 /* CoreGraphics.framework in Frameworks */,
				5BACFC14159D3B8A00F95507 /* libiosapi.a in Frameworks */,
			);
			runOnlyForDeploymentPostprocessing = 0;
		};
/* End PBXFrameworksBuildPhase section */

/* Begin PBXGroup section */
		5BBAA069159BAEFF00AA4993 = {
			isa = PBXGroup;
			children = (
				5BBAA07E159BAF0000AA4993 /* PlaynomicsSample */,
				5BBAA077159BAF0000AA4993 /* Frameworks */,
				5BBAA075159BAEFF00AA4993 /* Products */,
			);
			sourceTree = "<group>";
		};
		5BBAA075159BAEFF00AA4993 /* Products */ = {
			isa = PBXGroup;
			children = (
				5BBAA074159BAEFF00AA4993 /* PlaynomicsSample.app */,
			);
			name = Products;
			sourceTree = "<group>";
		};
		5BBAA077159BAF0000AA4993 /* Frameworks */ = {
			isa = PBXGroup;
			children = (
				5BACFC13159D3B8A00F95507 /* libiosapi.a */,
				5BBAA078159BAF0000AA4993 /* UIKit.framework */,
				5BBAA07A159BAF0000AA4993 /* Foundation.framework */,
				5BBAA07C159BAF0000AA4993 /* CoreGraphics.framework */,
			);
			name = Frameworks;
			sourceTree = "<group>";
		};
		5BBAA07E159BAF0000AA4993 /* PlaynomicsSample */ = {
			isa = PBXGroup;
			children = (
				5BBAA09C159BB60600AA4993 /* Playnomics API */,
				5BBAA087159BAF0000AA4993 /* AppDelegate.h */,
				5BBAA088159BAF0000AA4993 /* AppDelegate.m */,
				5BBAA08A159BAF0000AA4993 /* ViewController.h */,
				5BBAA08B159BAF0000AA4993 /* ViewController.m */,
				5BBAA08D159BAF0000AA4993 /* ViewController_iPhone.xib */,
				5BBAA090159BAF0000AA4993 /* ViewController_iPad.xib */,
				5BBAA07F159BAF0000AA4993 /* Supporting Files */,
			);
			path = PlaynomicsSample;
			sourceTree = "<group>";
		};
		5BBAA07F159BAF0000AA4993 /* Supporting Files */ = {
			isa = PBXGroup;
			children = (
				5BBAA080159BAF0000AA4993 /* PlaynomicsSample-Info.plist */,
				5BBAA081159BAF0000AA4993 /* InfoPlist.strings */,
				5BBAA084159BAF0000AA4993 /* main.m */,
				5BBAA086159BAF0000AA4993 /* PlaynomicsSample-Prefix.pch */,
			);
			name = "Supporting Files";
			sourceTree = "<group>";
		};
		5BBAA09C159BB60600AA4993 /* Playnomics API */ = {
			isa = PBXGroup;
			children = (
				5BF38FCA159D389B00DDD957 /* PlaynomicsSession.h */,
			);
			name = "Playnomics API";
			sourceTree = "<group>";
		};
/* End PBXGroup section */

/* Begin PBXNativeTarget section */
		5BBAA073159BAEFF00AA4993 /* PlaynomicsSample */ = {
			isa = PBXNativeTarget;
			buildConfigurationList = 5BBAA095159BAF0000AA4993 /* Build configuration list for PBXNativeTarget "PlaynomicsSample" */;
			buildPhases = (
				5BBAA070159BAEFF00AA4993 /* Sources */,
				5BBAA071159BAEFF00AA4993 /* Frameworks */,
				5BBAA072159BAEFF00AA4993 /* Resources */,
			);
			buildRules = (
			);
			dependencies = (
			);
			name = PlaynomicsSample;
			productName = PlaynomicsSample;
			productReference = 5BBAA074159BAEFF00AA4993 /* PlaynomicsSample.app */;
			productType = "com.apple.product-type.application";
		};
/* End PBXNativeTarget section */

/* Begin PBXProject section */
		5BBAA06B159BAEFF00AA4993 /* Project object */ = {
			isa = PBXProject;
			attributes = {
				LastUpgradeCheck = 0420;
				ORGANIZATIONNAME = Grio;
			};
			buildConfigurationList = 5BBAA06E159BAEFF00AA4993 /* Build configuration list for PBXProject "PlaynomicsSample" */;
			compatibilityVersion = "Xcode 3.2";
			developmentRegion = English;
			hasScannedForEncodings = 0;
			knownRegions = (
				en,
			);
			mainGroup = 5BBAA069159BAEFF00AA4993;
			productRefGroup = 5BBAA075159BAEFF00AA4993 /* Products */;
			projectDirPath = "";
			projectRoot = "";
			targets = (
				5BBAA073159BAEFF00AA4993 /* PlaynomicsSample */,
			);
		};
/* End PBXProject section */

/* Begin PBXResourcesBuildPhase section */
		5BBAA072159BAEFF00AA4993 /* Resources */ = {
			isa = PBXResourcesBuildPhase;
			buildActionMask = 2147483647;
			files = (
				5BBAA083159BAF0000AA4993 /* InfoPlist.strings in Resources */,
				5BBAA08F159BAF0000AA4993 /* ViewController_iPhone.xib in Resources */,
				5BBAA092159BAF0000AA4993 /* ViewController_iPad.xib in Resources */,
			);
			runOnlyForDeploymentPostprocessing = 0;
		};
/* End PBXResourcesBuildPhase section */

/* Begin PBXSourcesBuildPhase section */
		5BBAA070159BAEFF00AA4993 /* Sources */ = {
			isa = PBXSourcesBuildPhase;
			buildActionMask = 2147483647;
			files = (
				5BBAA085159BAF0000AA4993 /* main.m in Sources */,
				5BBAA089159BAF0000AA4993 /* AppDelegate.m in Sources */,
				5BBAA08C159BAF0000AA4993 /* ViewController.m in Sources */,
			);
			runOnlyForDeploymentPostprocessing = 0;
		};
/* End PBXSourcesBuildPhase section */

/* Begin PBXVariantGroup section */
		5BBAA081159BAF0000AA4993 /* InfoPlist.strings */ = {
			isa = PBXVariantGroup;
			children = (
				5BBAA082159BAF0000AA4993 /* en */,
			);
			name = InfoPlist.strings;
			sourceTree = "<group>";
		};
		5BBAA08D159BAF0000AA4993 /* ViewController_iPhone.xib */ = {
			isa = PBXVariantGroup;
			children = (
				5BBAA08E159BAF0000AA4993 /* en */,
			);
			name = ViewController_iPhone.xib;
			sourceTree = "<group>";
		};
		5BBAA090159BAF0000AA4993 /* ViewController_iPad.xib */ = {
			isa = PBXVariantGroup;
			children = (
				5BBAA091159BAF0000AA4993 /* en */,
			);
			name = ViewController_iPad.xib;
			sourceTree = "<group>";
		};
/* End PBXVariantGroup section */

/* Begin XCBuildConfiguration section */
		5BBAA093159BAF0000AA4993 /* Debug */ = {
			isa = XCBuildConfiguration;
			buildSettings = {
				ALWAYS_SEARCH_USER_PATHS = NO;
				ARCHS = "$(ARCHS_STANDARD_32_BIT)";
				"CODE_SIGN_IDENTITY[sdk=iphoneos*]" = "iPhone Developer";
				COPY_PHASE_STRIP = NO;
				GCC_C_LANGUAGE_STANDARD = gnu99;
				GCC_DYNAMIC_NO_PIC = NO;
				GCC_OPTIMIZATION_LEVEL = 0;
				GCC_PREPROCESSOR_DEFINITIONS = (
					"DEBUG=1",
					"$(inherited)",
				);
				GCC_SYMBOLS_PRIVATE_EXTERN = NO;
				GCC_VERSION = com.apple.compilers.llvm.clang.1_0;
				GCC_WARN_ABOUT_MISSING_PROTOTYPES = YES;
				GCC_WARN_ABOUT_RETURN_TYPE = YES;
				GCC_WARN_UNUSED_VARIABLE = YES;
				IPHONEOS_DEPLOYMENT_TARGET = 3.0;
				SDKROOT = iphoneos;
				TARGETED_DEVICE_FAMILY = "1,2";
			};
			name = Debug;
		};
		5BBAA094159BAF0000AA4993 /* Release */ = {
			isa = XCBuildConfiguration;
			buildSettings = {
				ALWAYS_SEARCH_USER_PATHS = NO;
				ARCHS = "$(ARCHS_STANDARD_32_BIT)";
				"CODE_SIGN_IDENTITY[sdk=iphoneos*]" = "iPhone Developer";
				COPY_PHASE_STRIP = YES;
				GCC_C_LANGUAGE_STANDARD = gnu99;
				GCC_VERSION = com.apple.compilers.llvm.clang.1_0;
				GCC_WARN_ABOUT_MISSING_PROTOTYPES = YES;
				GCC_WARN_ABOUT_RETURN_TYPE = YES;
				GCC_WARN_UNUSED_VARIABLE = YES;
				IPHONEOS_DEPLOYMENT_TARGET = 3.0;
				OTHER_CFLAGS = "-DNS_BLOCK_ASSERTIONS=1";
				SDKROOT = iphoneos;
				TARGETED_DEVICE_FAMILY = "1,2";
				VALIDATE_PRODUCT = YES;
			};
			name = Release;
		};
		5BBAA096159BAF0000AA4993 /* Debug */ = {
			isa = XCBuildConfiguration;
			buildSettings = {
				GCC_PRECOMPILE_PREFIX_HEADER = YES;
				GCC_PREFIX_HEADER = "PlaynomicsSample/PlaynomicsSample-Prefix.pch";
				INFOPLIST_FILE = "PlaynomicsSample/PlaynomicsSample-Info.plist";
				LIBRARY_SEARCH_PATHS = (
					"$(inherited)",
					"\"$(SRCROOT)/../../../../Library/Developer/Xcode/DerivedData/iosapi-bjkqyrtlyjtbiqfjtdqrczayducv/Build/Products/Debug-iphonesimulator\"",
				);
				PRODUCT_NAME = "$(TARGET_NAME)";
				WRAPPER_EXTENSION = app;
			};
			name = Debug;
		};
		5BBAA097159BAF0000AA4993 /* Release */ = {
			isa = XCBuildConfiguration;
			buildSettings = {
				GCC_PRECOMPILE_PREFIX_HEADER = YES;
				GCC_PREFIX_HEADER = "PlaynomicsSample/PlaynomicsSample-Prefix.pch";
				INFOPLIST_FILE = "PlaynomicsSample/PlaynomicsSample-Info.plist";
				LIBRARY_SEARCH_PATHS = (
					"$(inherited)",
					"\"$(SRCROOT)/../../../../Library/Developer/Xcode/DerivedData/iosapi-bjkqyrtlyjtbiqfjtdqrczayducv/Build/Products/Debug-iphonesimulator\"",
				);
				PRODUCT_NAME = "$(TARGET_NAME)";
				WRAPPER_EXTENSION = app;
			};
			name = Release;
		};
/* End XCBuildConfiguration section */

/* Begin XCConfigurationList section */
		5BBAA06E159BAEFF00AA4993 /* Build configuration list for PBXProject "PlaynomicsSample" */ = {
			isa = XCConfigurationList;
			buildConfigurations = (
				5BBAA093159BAF0000AA4993 /* Debug */,
				5BBAA094159BAF0000AA4993 /* Release */,
			);
			defaultConfigurationIsVisible = 0;
			defaultConfigurationName = Release;
		};
		5BBAA095159BAF0000AA4993 /* Build configuration list for PBXNativeTarget "PlaynomicsSample" */ = {
			isa = XCConfigurationList;
			buildConfigurations = (
				5BBAA096159BAF0000AA4993 /* Debug */,
				5BBAA097159BAF0000AA4993 /* Release */,
			);
			defaultConfigurationIsVisible = 0;
			defaultConfigurationName = Release;
		};
/* End XCConfigurationList section */
	};
	rootObject = 5BBAA06B159BAEFF00AA4993 /* Project object */;
}
