// !$*UTF8*$!
{
	archiveVersion = 1;
	classes = {
	};
	objectVersion = 46;
	objects = {

/* Begin PBXBuildFile section */
		3271CCEB17C7CF4400E96C22 /* AdSupport.framework in Frameworks */ = {isa = PBXBuildFile; fileRef = 68E6DABD17AC237900A904A8 /* AdSupport.framework */; };
		3290166217CC390B0041895A /* libiosapi.a in Frameworks */ = {isa = PBXBuildFile; fileRef = D1D922701590F59600EDDE17 /* libiosapi.a */; };
		3290166A17CD0BAC0041895A /* StubPNCache.m in Sources */ = {isa = PBXBuildFile; fileRef = 3290166917CD0BAC0041895A /* StubPNCache.m */; };
		3290166D17CD22420041895A /* PNUtilTests.m in Sources */ = {isa = PBXBuildFile; fileRef = 3290166C17CD22420041895A /* PNUtilTests.m */; };
		3290167617CDAE750041895A /* PNGeneratedHexIdTests.m in Sources */ = {isa = PBXBuildFile; fileRef = 3290167517CDAE740041895A /* PNGeneratedHexIdTests.m */; };
		329016A617D019770041895A /* PNSessionTests.m in Sources */ = {isa = PBXBuildFile; fileRef = 329016A517D019770041895A /* PNSessionTests.m */; };
		329016A917D01A300041895A /* StubPNEventApiClient.m in Sources */ = {isa = PBXBuildFile; fileRef = 329016A817D01A300041895A /* StubPNEventApiClient.m */; };
		329016AD17D11E490041895A /* StubDeviceToken.m in Sources */ = {isa = PBXBuildFile; fileRef = 329016AC17D11E490041895A /* StubDeviceToken.m */; };
		329016B017D126D20041895A /* PNEventTests.m in Sources */ = {isa = PBXBuildFile; fileRef = 329016AF17D126D10041895A /* PNEventTests.m */; };
		329016B817D9196C0041895A /* PNEventApiClientTests.m in Sources */ = {isa = PBXBuildFile; fileRef = 329016B717D9196A0041895A /* PNEventApiClientTests.m */; };
		3290172C17DA5AE20041895A /* iosapi-Prefix.pch in Headers */ = {isa = PBXBuildFile; fileRef = 329016EA17DA5AE20041895A /* iosapi-Prefix.pch */; };
		3290172D17DA5AE20041895A /* Playnomics.h in Headers */ = {isa = PBXBuildFile; fileRef = 329016EB17DA5AE20041895A /* Playnomics.h */; settings = {ATTRIBUTES = (Public, ); }; };
		3290172E17DA5AE20041895A /* Playnomics.m in Sources */ = {isa = PBXBuildFile; fileRef = 329016EC17DA5AE20041895A /* Playnomics.m */; };
		3290172F17DA5AE20041895A /* PNApplication.m in Sources */ = {isa = PBXBuildFile; fileRef = 329016ED17DA5AE20041895A /* PNApplication.m */; };
		3290173017DA5AE20041895A /* PNAssetRequest.h in Headers */ = {isa = PBXBuildFile; fileRef = 329016EE17DA5AE20041895A /* PNAssetRequest.h */; };
		3290173117DA5AE20041895A /* PNAssetRequest.m in Sources */ = {isa = PBXBuildFile; fileRef = 329016EF17DA5AE20041895A /* PNAssetRequest.m */; };
		3290173217DA5AE20041895A /* PNCache+Private.h in Headers */ = {isa = PBXBuildFile; fileRef = 329016F017DA5AE20041895A /* PNCache+Private.h */; };
		3290173317DA5AE20041895A /* PNCache.h in Headers */ = {isa = PBXBuildFile; fileRef = 329016F117DA5AE20041895A /* PNCache.h */; };
		3290173417DA5AE20041895A /* PNCache.m in Sources */ = {isa = PBXBuildFile; fileRef = 329016F217DA5AE20041895A /* PNCache.m */; };
		3290173517DA5AE20041895A /* PNConcurrentQueue.h in Headers */ = {isa = PBXBuildFile; fileRef = 329016F317DA5AE20041895A /* PNConcurrentQueue.h */; };
		3290173617DA5AE20041895A /* PNConcurrentQueue.m in Sources */ = {isa = PBXBuildFile; fileRef = 329016F417DA5AE20041895A /* PNConcurrentQueue.m */; };
		3290173717DA5AE20041895A /* PNConcurrentSet.h in Headers */ = {isa = PBXBuildFile; fileRef = 329016F517DA5AE20041895A /* PNConcurrentSet.h */; };
		3290173817DA5AE20041895A /* PNConcurrentSet.m in Sources */ = {isa = PBXBuildFile; fileRef = 329016F617DA5AE20041895A /* PNConcurrentSet.m */; };
		3290173917DA5AE20041895A /* PNConfig.h in Headers */ = {isa = PBXBuildFile; fileRef = 329016F717DA5AE20041895A /* PNConfig.h */; };
		3290173A17DA5AE20041895A /* PNConstants.h in Headers */ = {isa = PBXBuildFile; fileRef = 329016F817DA5AE20041895A /* PNConstants.h */; };
		3290173B17DA5AE20041895A /* PNDeviceManager+Private.h in Headers */ = {isa = PBXBuildFile; fileRef = 329016F917DA5AE20041895A /* PNDeviceManager+Private.h */; };
		3290173C17DA5AE20041895A /* PNDeviceManager.h in Headers */ = {isa = PBXBuildFile; fileRef = 329016FA17DA5AE20041895A /* PNDeviceManager.h */; };
		3290173D17DA5AE20041895A /* PNDeviceManager.m in Sources */ = {isa = PBXBuildFile; fileRef = 329016FB17DA5AE20041895A /* PNDeviceManager.m */; };
		3290173E17DA5AE20041895A /* PNEvent.h in Headers */ = {isa = PBXBuildFile; fileRef = 329016FC17DA5AE20041895A /* PNEvent.h */; };
		3290173F17DA5AE20041895A /* PNEvent.m in Sources */ = {isa = PBXBuildFile; fileRef = 329016FD17DA5AE20041895A /* PNEvent.m */; };
		3290174017DA5AE20041895A /* PNEventApiClient.h in Headers */ = {isa = PBXBuildFile; fileRef = 329016FE17DA5AE20041895A /* PNEventApiClient.h */; };
		3290174117DA5AE20041895A /* PNEventApiClient.m in Sources */ = {isa = PBXBuildFile; fileRef = 329016FF17DA5AE20041895A /* PNEventApiClient.m */; };
		3290174217DA5AE20041895A /* PNEventAppPage.h in Headers */ = {isa = PBXBuildFile; fileRef = 3290170017DA5AE20041895A /* PNEventAppPage.h */; };
		3290174317DA5AE20041895A /* PNEventAppPage.m in Sources */ = {isa = PBXBuildFile; fileRef = 3290170117DA5AE20041895A /* PNEventAppPage.m */; };
		3290174417DA5AE20041895A /* PNEventAppPause.h in Headers */ = {isa = PBXBuildFile; fileRef = 3290170217DA5AE20041895A /* PNEventAppPause.h */; };
		3290174517DA5AE20041895A /* PNEventAppPause.m in Sources */ = {isa = PBXBuildFile; fileRef = 3290170317DA5AE20041895A /* PNEventAppPause.m */; };
		3290174617DA5AE20041895A /* PNEventAppResume.h in Headers */ = {isa = PBXBuildFile; fileRef = 3290170417DA5AE20041895A /* PNEventAppResume.h */; };
		3290174717DA5AE20041895A /* PNEventAppResume.m in Sources */ = {isa = PBXBuildFile; fileRef = 3290170517DA5AE20041895A /* PNEventAppResume.m */; };
		3290174817DA5AE20041895A /* PNEventAppRunning.h in Headers */ = {isa = PBXBuildFile; fileRef = 3290170617DA5AE20041895A /* PNEventAppRunning.h */; };
		3290174917DA5AE20041895A /* PNEventAppRunning.m in Sources */ = {isa = PBXBuildFile; fileRef = 3290170717DA5AE20041895A /* PNEventAppRunning.m */; };
		3290174A17DA5AE20041895A /* PNEventAppStart.h in Headers */ = {isa = PBXBuildFile; fileRef = 3290170817DA5AE20041895A /* PNEventAppStart.h */; };
		3290174B17DA5AE20041895A /* PNEventAppStart.m in Sources */ = {isa = PBXBuildFile; fileRef = 3290170917DA5AE20041895A /* PNEventAppStart.m */; };
		3290174C17DA5AE20041895A /* PNEventMilestone.h in Headers */ = {isa = PBXBuildFile; fileRef = 3290170A17DA5AE20041895A /* PNEventMilestone.h */; };
		3290174D17DA5AE20041895A /* PNEventMilestone.m in Sources */ = {isa = PBXBuildFile; fileRef = 3290170B17DA5AE20041895A /* PNEventMilestone.m */; };
		3290174E17DA5AE20041895A /* PNEventRequestOperation.h in Headers */ = {isa = PBXBuildFile; fileRef = 3290170C17DA5AE20041895A /* PNEventRequestOperation.h */; };
		3290174F17DA5AE20041895A /* PNEventRequestOperation.m in Sources */ = {isa = PBXBuildFile; fileRef = 3290170D17DA5AE20041895A /* PNEventRequestOperation.m */; };
		3290175017DA5AE20041895A /* PNEventTransaction.h in Headers */ = {isa = PBXBuildFile; fileRef = 3290170E17DA5AE20041895A /* PNEventTransaction.h */; };
		3290175117DA5AE20041895A /* PNEventTransaction.m in Sources */ = {isa = PBXBuildFile; fileRef = 3290170F17DA5AE20041895A /* PNEventTransaction.m */; };
		3290175217DA5AE20041895A /* PNEventUserInfo.h in Headers */ = {isa = PBXBuildFile; fileRef = 3290171017DA5AE20041895A /* PNEventUserInfo.h */; };
		3290175317DA5AE20041895A /* PNEventUserInfo.m in Sources */ = {isa = PBXBuildFile; fileRef = 3290171117DA5AE20041895A /* PNEventUserInfo.m */; };
		3290175417DA5AE20041895A /* PNExplicitEvent.h in Headers */ = {isa = PBXBuildFile; fileRef = 3290171217DA5AE20041895A /* PNExplicitEvent.h */; };
		3290175517DA5AE20041895A /* PNExplicitEvent.m in Sources */ = {isa = PBXBuildFile; fileRef = 3290171317DA5AE20041895A /* PNExplicitEvent.m */; };
		3290175617DA5AE20041895A /* PNFrame.h in Headers */ = {isa = PBXBuildFile; fileRef = 3290171417DA5AE20041895A /* PNFrame.h */; };
		3290175717DA5AE20041895A /* PNFrame.m in Sources */ = {isa = PBXBuildFile; fileRef = 3290171517DA5AE20041895A /* PNFrame.m */; };
		3290175817DA5AE20041895A /* PNGameSessionInfo.h in Headers */ = {isa = PBXBuildFile; fileRef = 3290171617DA5AE20041895A /* PNGameSessionInfo.h */; };
		3290175917DA5AE20041895A /* PNGameSessionInfo.m in Sources */ = {isa = PBXBuildFile; fileRef = 3290171717DA5AE20041895A /* PNGameSessionInfo.m */; };
		3290175A17DA5AE20041895A /* PNGeneratedHexId.h in Headers */ = {isa = PBXBuildFile; fileRef = 3290171817DA5AE20041895A /* PNGeneratedHexId.h */; };
		3290175B17DA5AE20041895A /* PNGeneratedHexId.m in Sources */ = {isa = PBXBuildFile; fileRef = 3290171917DA5AE20041895A /* PNGeneratedHexId.m */; };
		3290175C17DA5AE20041895A /* PNImage.h in Headers */ = {isa = PBXBuildFile; fileRef = 3290171A17DA5AE20041895A /* PNImage.h */; };
		3290175D17DA5AE20041895A /* PNImage.m in Sources */ = {isa = PBXBuildFile; fileRef = 3290171B17DA5AE20041895A /* PNImage.m */; };
		3290175E17DA5AE20041895A /* PNImplicitEvent.h in Headers */ = {isa = PBXBuildFile; fileRef = 3290171C17DA5AE20041895A /* PNImplicitEvent.h */; };
		3290175F17DA5AE20041895A /* PNImplicitEvent.m in Sources */ = {isa = PBXBuildFile; fileRef = 3290171D17DA5AE20041895A /* PNImplicitEvent.m */; };
		3290176017DA5AE20041895A /* PNLogger.h in Headers */ = {isa = PBXBuildFile; fileRef = 3290171E17DA5AE20041895A /* PNLogger.h */; settings = {ATTRIBUTES = (Public, ); }; };
		3290176117DA5AE20041895A /* PNLogger.m in Sources */ = {isa = PBXBuildFile; fileRef = 3290171F17DA5AE20041895A /* PNLogger.m */; };
		3290176217DA5AE20041895A /* PNMessaging.h in Headers */ = {isa = PBXBuildFile; fileRef = 3290172017DA5AE20041895A /* PNMessaging.h */; };
		3290176317DA5AE20041895A /* PNMessaging.m in Sources */ = {isa = PBXBuildFile; fileRef = 3290172117DA5AE20041895A /* PNMessaging.m */; };
		3290176417DA5AE20041895A /* PNSession+Private.h in Headers */ = {isa = PBXBuildFile; fileRef = 3290172217DA5AE20041895A /* PNSession+Private.h */; };
		3290176517DA5AE20041895A /* PNSession.h in Headers */ = {isa = PBXBuildFile; fileRef = 3290172317DA5AE20041895A /* PNSession.h */; };
		3290176617DA5AE20041895A /* PNSession.m in Sources */ = {isa = PBXBuildFile; fileRef = 3290172417DA5AE20041895A /* PNSession.m */; };
		3290176717DA5AE20041895A /* PNUrlProcessorDelegate.h in Headers */ = {isa = PBXBuildFile; fileRef = 3290172517DA5AE20041895A /* PNUrlProcessorDelegate.h */; };
		3290176817DA5AE20041895A /* PNUtil.h in Headers */ = {isa = PBXBuildFile; fileRef = 3290172617DA5AE20041895A /* PNUtil.h */; };
		3290176917DA5AE20041895A /* PNUtil.m in Sources */ = {isa = PBXBuildFile; fileRef = 3290172717DA5AE20041895A /* PNUtil.m */; };
		3290176A17DA5AE20041895A /* PNViewComponent.h in Headers */ = {isa = PBXBuildFile; fileRef = 3290172817DA5AE20041895A /* PNViewComponent.h */; };
		3290176B17DA5AE20041895A /* PNViewComponent.m in Sources */ = {isa = PBXBuildFile; fileRef = 3290172917DA5AE20041895A /* PNViewComponent.m */; };
		3290176C17DA5AE20041895A /* PNWebView.h in Headers */ = {isa = PBXBuildFile; fileRef = 3290172A17DA5AE20041895A /* PNWebView.h */; };
		3290176D17DA5AE20041895A /* PNWebView.m in Sources */ = {isa = PBXBuildFile; fileRef = 3290172B17DA5AE20041895A /* PNWebView.m */; };
		32A7C33017C6A36B00E959A3 /* SenTestingKit.framework in Frameworks */ = {isa = PBXBuildFile; fileRef = D1D922811590F59700EDDE17 /* SenTestingKit.framework */; };
		32A7C33117C6A36B00E959A3 /* UIKit.framework in Frameworks */ = {isa = PBXBuildFile; fileRef = D1D922831590F59700EDDE17 /* UIKit.framework */; };
		32A7C33217C6A36B00E959A3 /* Foundation.framework in Frameworks */ = {isa = PBXBuildFile; fileRef = D1D922731590F59600EDDE17 /* Foundation.framework */; };
		32A7C33817C6A36B00E959A3 /* InfoPlist.strings in Resources */ = {isa = PBXBuildFile; fileRef = 32A7C33617C6A36B00E959A3 /* InfoPlist.strings */; };
		32A7C33B17C6A36B00E959A3 /* PNDeviceManagerTests.m in Sources */ = {isa = PBXBuildFile; fileRef = 32A7C33A17C6A36B00E959A3 /* PNDeviceManagerTests.m */; };
		D1D922741590F59700EDDE17 /* Foundation.framework in Frameworks */ = {isa = PBXBuildFile; fileRef = D1D922731590F59600EDDE17 /* Foundation.framework */; };
/* End PBXBuildFile section */

/* Begin PBXFileReference section */
		3290166817CD0BAC0041895A /* StubPNCache.h */ = {isa = PBXFileReference; fileEncoding = 4; lastKnownFileType = sourcecode.c.h; path = StubPNCache.h; sourceTree = "<group>"; };
		3290166917CD0BAC0041895A /* StubPNCache.m */ = {isa = PBXFileReference; fileEncoding = 4; lastKnownFileType = sourcecode.c.objc; path = StubPNCache.m; sourceTree = "<group>"; };
		3290166B17CD22420041895A /* PNUtilTests.h */ = {isa = PBXFileReference; fileEncoding = 4; lastKnownFileType = sourcecode.c.h; path = PNUtilTests.h; sourceTree = "<group>"; };
		3290166C17CD22420041895A /* PNUtilTests.m */ = {isa = PBXFileReference; fileEncoding = 4; lastKnownFileType = sourcecode.c.objc; path = PNUtilTests.m; sourceTree = "<group>"; };
		3290167417CDAE740041895A /* PNGeneratedHexIdTests.h */ = {isa = PBXFileReference; fileEncoding = 4; lastKnownFileType = sourcecode.c.h; path = PNGeneratedHexIdTests.h; sourceTree = "<group>"; };
		3290167517CDAE740041895A /* PNGeneratedHexIdTests.m */ = {isa = PBXFileReference; fileEncoding = 4; lastKnownFileType = sourcecode.c.objc; path = PNGeneratedHexIdTests.m; sourceTree = "<group>"; };
		329016A417D019770041895A /* PNSessionTests.h */ = {isa = PBXFileReference; fileEncoding = 4; lastKnownFileType = sourcecode.c.h; path = PNSessionTests.h; sourceTree = "<group>"; };
		329016A517D019770041895A /* PNSessionTests.m */ = {isa = PBXFileReference; fileEncoding = 4; lastKnownFileType = sourcecode.c.objc; path = PNSessionTests.m; sourceTree = "<group>"; };
		329016A717D01A300041895A /* StubPNEventApiClient.h */ = {isa = PBXFileReference; fileEncoding = 4; lastKnownFileType = sourcecode.c.h; path = StubPNEventApiClient.h; sourceTree = "<group>"; };
		329016A817D01A300041895A /* StubPNEventApiClient.m */ = {isa = PBXFileReference; fileEncoding = 4; lastKnownFileType = sourcecode.c.objc; path = StubPNEventApiClient.m; sourceTree = "<group>"; };
		329016AB17D11E480041895A /* StubDeviceToken.h */ = {isa = PBXFileReference; fileEncoding = 4; lastKnownFileType = sourcecode.c.h; path = StubDeviceToken.h; sourceTree = "<group>"; };
		329016AC17D11E490041895A /* StubDeviceToken.m */ = {isa = PBXFileReference; fileEncoding = 4; lastKnownFileType = sourcecode.c.objc; path = StubDeviceToken.m; sourceTree = "<group>"; };
		329016AE17D126D00041895A /* PNEventTests.h */ = {isa = PBXFileReference; fileEncoding = 4; lastKnownFileType = sourcecode.c.h; path = PNEventTests.h; sourceTree = "<group>"; };
		329016AF17D126D10041895A /* PNEventTests.m */ = {isa = PBXFileReference; fileEncoding = 4; lastKnownFileType = sourcecode.c.objc; path = PNEventTests.m; sourceTree = "<group>"; };
		329016B617D9196A0041895A /* PNEventApiClientTests.h */ = {isa = PBXFileReference; fileEncoding = 4; lastKnownFileType = sourcecode.c.h; path = PNEventApiClientTests.h; sourceTree = "<group>"; };
		329016B717D9196A0041895A /* PNEventApiClientTests.m */ = {isa = PBXFileReference; fileEncoding = 4; lastKnownFileType = sourcecode.c.objc; path = PNEventApiClientTests.m; sourceTree = "<group>"; };
		329016EA17DA5AE20041895A /* iosapi-Prefix.pch */ = {isa = PBXFileReference; fileEncoding = 4; lastKnownFileType = sourcecode.c.h; path = "iosapi-Prefix.pch"; sourceTree = "<group>"; };
		329016EB17DA5AE20041895A /* Playnomics.h */ = {isa = PBXFileReference; fileEncoding = 4; lastKnownFileType = sourcecode.c.h; name = Playnomics.h; path = PlaynomicsSDK/Playnomics.h; sourceTree = "<group>"; };
		329016EC17DA5AE20041895A /* Playnomics.m */ = {isa = PBXFileReference; fileEncoding = 4; lastKnownFileType = sourcecode.c.objc; path = Playnomics.m; sourceTree = "<group>"; };
		329016ED17DA5AE20041895A /* PNApplication.m */ = {isa = PBXFileReference; fileEncoding = 4; lastKnownFileType = sourcecode.c.objc; path = PNApplication.m; sourceTree = "<group>"; };
		329016EE17DA5AE20041895A /* PNAssetRequest.h */ = {isa = PBXFileReference; fileEncoding = 4; lastKnownFileType = sourcecode.c.h; path = PNAssetRequest.h; sourceTree = "<group>"; };
		329016EF17DA5AE20041895A /* PNAssetRequest.m */ = {isa = PBXFileReference; fileEncoding = 4; lastKnownFileType = sourcecode.c.objc; path = PNAssetRequest.m; sourceTree = "<group>"; };
		329016F017DA5AE20041895A /* PNCache+Private.h */ = {isa = PBXFileReference; fileEncoding = 4; lastKnownFileType = sourcecode.c.h; path = "PNCache+Private.h"; sourceTree = "<group>"; };
		329016F117DA5AE20041895A /* PNCache.h */ = {isa = PBXFileReference; fileEncoding = 4; lastKnownFileType = sourcecode.c.h; path = PNCache.h; sourceTree = "<group>"; };
		329016F217DA5AE20041895A /* PNCache.m */ = {isa = PBXFileReference; fileEncoding = 4; lastKnownFileType = sourcecode.c.objc; path = PNCache.m; sourceTree = "<group>"; };
		329016F317DA5AE20041895A /* PNConcurrentQueue.h */ = {isa = PBXFileReference; fileEncoding = 4; lastKnownFileType = sourcecode.c.h; path = PNConcurrentQueue.h; sourceTree = "<group>"; };
		329016F417DA5AE20041895A /* PNConcurrentQueue.m */ = {isa = PBXFileReference; fileEncoding = 4; lastKnownFileType = sourcecode.c.objc; path = PNConcurrentQueue.m; sourceTree = "<group>"; };
		329016F517DA5AE20041895A /* PNConcurrentSet.h */ = {isa = PBXFileReference; fileEncoding = 4; lastKnownFileType = sourcecode.c.h; path = PNConcurrentSet.h; sourceTree = "<group>"; };
		329016F617DA5AE20041895A /* PNConcurrentSet.m */ = {isa = PBXFileReference; fileEncoding = 4; lastKnownFileType = sourcecode.c.objc; path = PNConcurrentSet.m; sourceTree = "<group>"; };
		329016F717DA5AE20041895A /* PNConfig.h */ = {isa = PBXFileReference; fileEncoding = 4; lastKnownFileType = sourcecode.c.h; path = PNConfig.h; sourceTree = "<group>"; };
		329016F817DA5AE20041895A /* PNConstants.h */ = {isa = PBXFileReference; fileEncoding = 4; lastKnownFileType = sourcecode.c.h; path = PNConstants.h; sourceTree = "<group>"; };
		329016F917DA5AE20041895A /* PNDeviceManager+Private.h */ = {isa = PBXFileReference; fileEncoding = 4; lastKnownFileType = sourcecode.c.h; path = "PNDeviceManager+Private.h"; sourceTree = "<group>"; };
		329016FA17DA5AE20041895A /* PNDeviceManager.h */ = {isa = PBXFileReference; fileEncoding = 4; lastKnownFileType = sourcecode.c.h; path = PNDeviceManager.h; sourceTree = "<group>"; };
		329016FB17DA5AE20041895A /* PNDeviceManager.m */ = {isa = PBXFileReference; fileEncoding = 4; lastKnownFileType = sourcecode.c.objc; path = PNDeviceManager.m; sourceTree = "<group>"; };
		329016FC17DA5AE20041895A /* PNEvent.h */ = {isa = PBXFileReference; fileEncoding = 4; lastKnownFileType = sourcecode.c.h; path = PNEvent.h; sourceTree = "<group>"; };
		329016FD17DA5AE20041895A /* PNEvent.m */ = {isa = PBXFileReference; fileEncoding = 4; lastKnownFileType = sourcecode.c.objc; path = PNEvent.m; sourceTree = "<group>"; };
		329016FE17DA5AE20041895A /* PNEventApiClient.h */ = {isa = PBXFileReference; fileEncoding = 4; lastKnownFileType = sourcecode.c.h; path = PNEventApiClient.h; sourceTree = "<group>"; };
		329016FF17DA5AE20041895A /* PNEventApiClient.m */ = {isa = PBXFileReference; fileEncoding = 4; lastKnownFileType = sourcecode.c.objc; path = PNEventApiClient.m; sourceTree = "<group>"; };
		3290170017DA5AE20041895A /* PNEventAppPage.h */ = {isa = PBXFileReference; fileEncoding = 4; lastKnownFileType = sourcecode.c.h; path = PNEventAppPage.h; sourceTree = "<group>"; };
		3290170117DA5AE20041895A /* PNEventAppPage.m */ = {isa = PBXFileReference; fileEncoding = 4; lastKnownFileType = sourcecode.c.objc; path = PNEventAppPage.m; sourceTree = "<group>"; };
		3290170217DA5AE20041895A /* PNEventAppPause.h */ = {isa = PBXFileReference; fileEncoding = 4; lastKnownFileType = sourcecode.c.h; path = PNEventAppPause.h; sourceTree = "<group>"; };
		3290170317DA5AE20041895A /* PNEventAppPause.m */ = {isa = PBXFileReference; fileEncoding = 4; lastKnownFileType = sourcecode.c.objc; path = PNEventAppPause.m; sourceTree = "<group>"; };
		3290170417DA5AE20041895A /* PNEventAppResume.h */ = {isa = PBXFileReference; fileEncoding = 4; lastKnownFileType = sourcecode.c.h; path = PNEventAppResume.h; sourceTree = "<group>"; };
		3290170517DA5AE20041895A /* PNEventAppResume.m */ = {isa = PBXFileReference; fileEncoding = 4; lastKnownFileType = sourcecode.c.objc; path = PNEventAppResume.m; sourceTree = "<group>"; };
		3290170617DA5AE20041895A /* PNEventAppRunning.h */ = {isa = PBXFileReference; fileEncoding = 4; lastKnownFileType = sourcecode.c.h; path = PNEventAppRunning.h; sourceTree = "<group>"; };
		3290170717DA5AE20041895A /* PNEventAppRunning.m */ = {isa = PBXFileReference; fileEncoding = 4; lastKnownFileType = sourcecode.c.objc; path = PNEventAppRunning.m; sourceTree = "<group>"; };
		3290170817DA5AE20041895A /* PNEventAppStart.h */ = {isa = PBXFileReference; fileEncoding = 4; lastKnownFileType = sourcecode.c.h; path = PNEventAppStart.h; sourceTree = "<group>"; };
		3290170917DA5AE20041895A /* PNEventAppStart.m */ = {isa = PBXFileReference; fileEncoding = 4; lastKnownFileType = sourcecode.c.objc; path = PNEventAppStart.m; sourceTree = "<group>"; };
		3290170A17DA5AE20041895A /* PNEventMilestone.h */ = {isa = PBXFileReference; fileEncoding = 4; lastKnownFileType = sourcecode.c.h; path = PNEventMilestone.h; sourceTree = "<group>"; };
		3290170B17DA5AE20041895A /* PNEventMilestone.m */ = {isa = PBXFileReference; fileEncoding = 4; lastKnownFileType = sourcecode.c.objc; path = PNEventMilestone.m; sourceTree = "<group>"; };
		3290170C17DA5AE20041895A /* PNEventRequestOperation.h */ = {isa = PBXFileReference; fileEncoding = 4; lastKnownFileType = sourcecode.c.h; path = PNEventRequestOperation.h; sourceTree = "<group>"; };
		3290170D17DA5AE20041895A /* PNEventRequestOperation.m */ = {isa = PBXFileReference; fileEncoding = 4; lastKnownFileType = sourcecode.c.objc; path = PNEventRequestOperation.m; sourceTree = "<group>"; };
		3290170E17DA5AE20041895A /* PNEventTransaction.h */ = {isa = PBXFileReference; fileEncoding = 4; lastKnownFileType = sourcecode.c.h; path = PNEventTransaction.h; sourceTree = "<group>"; };
		3290170F17DA5AE20041895A /* PNEventTransaction.m */ = {isa = PBXFileReference; fileEncoding = 4; lastKnownFileType = sourcecode.c.objc; path = PNEventTransaction.m; sourceTree = "<group>"; };
		3290171017DA5AE20041895A /* PNEventUserInfo.h */ = {isa = PBXFileReference; fileEncoding = 4; lastKnownFileType = sourcecode.c.h; path = PNEventUserInfo.h; sourceTree = "<group>"; };
		3290171117DA5AE20041895A /* PNEventUserInfo.m */ = {isa = PBXFileReference; fileEncoding = 4; lastKnownFileType = sourcecode.c.objc; path = PNEventUserInfo.m; sourceTree = "<group>"; };
		3290171217DA5AE20041895A /* PNExplicitEvent.h */ = {isa = PBXFileReference; fileEncoding = 4; lastKnownFileType = sourcecode.c.h; path = PNExplicitEvent.h; sourceTree = "<group>"; };
		3290171317DA5AE20041895A /* PNExplicitEvent.m */ = {isa = PBXFileReference; fileEncoding = 4; lastKnownFileType = sourcecode.c.objc; path = PNExplicitEvent.m; sourceTree = "<group>"; };
		3290171417DA5AE20041895A /* PNFrame.h */ = {isa = PBXFileReference; fileEncoding = 4; lastKnownFileType = sourcecode.c.h; path = PNFrame.h; sourceTree = "<group>"; };
		3290171517DA5AE20041895A /* PNFrame.m */ = {isa = PBXFileReference; fileEncoding = 4; lastKnownFileType = sourcecode.c.objc; path = PNFrame.m; sourceTree = "<group>"; };
		3290171617DA5AE20041895A /* PNGameSessionInfo.h */ = {isa = PBXFileReference; fileEncoding = 4; lastKnownFileType = sourcecode.c.h; path = PNGameSessionInfo.h; sourceTree = "<group>"; };
		3290171717DA5AE20041895A /* PNGameSessionInfo.m */ = {isa = PBXFileReference; fileEncoding = 4; lastKnownFileType = sourcecode.c.objc; path = PNGameSessionInfo.m; sourceTree = "<group>"; };
		3290171817DA5AE20041895A /* PNGeneratedHexId.h */ = {isa = PBXFileReference; fileEncoding = 4; lastKnownFileType = sourcecode.c.h; path = PNGeneratedHexId.h; sourceTree = "<group>"; };
		3290171917DA5AE20041895A /* PNGeneratedHexId.m */ = {isa = PBXFileReference; fileEncoding = 4; lastKnownFileType = sourcecode.c.objc; path = PNGeneratedHexId.m; sourceTree = "<group>"; };
		3290171A17DA5AE20041895A /* PNImage.h */ = {isa = PBXFileReference; fileEncoding = 4; lastKnownFileType = sourcecode.c.h; path = PNImage.h; sourceTree = "<group>"; };
		3290171B17DA5AE20041895A /* PNImage.m */ = {isa = PBXFileReference; fileEncoding = 4; lastKnownFileType = sourcecode.c.objc; path = PNImage.m; sourceTree = "<group>"; };
		3290171C17DA5AE20041895A /* PNImplicitEvent.h */ = {isa = PBXFileReference; fileEncoding = 4; lastKnownFileType = sourcecode.c.h; path = PNImplicitEvent.h; sourceTree = "<group>"; };
		3290171D17DA5AE20041895A /* PNImplicitEvent.m */ = {isa = PBXFileReference; fileEncoding = 4; lastKnownFileType = sourcecode.c.objc; path = PNImplicitEvent.m; sourceTree = "<group>"; };
		3290171E17DA5AE20041895A /* PNLogger.h */ = {isa = PBXFileReference; fileEncoding = 4; lastKnownFileType = sourcecode.c.h; name = PNLogger.h; path = PlaynomicsSDK/PNLogger.h; sourceTree = "<group>"; };
		3290171F17DA5AE20041895A /* PNLogger.m */ = {isa = PBXFileReference; fileEncoding = 4; lastKnownFileType = sourcecode.c.objc; path = PNLogger.m; sourceTree = "<group>"; };
		3290172017DA5AE20041895A /* PNMessaging.h */ = {isa = PBXFileReference; fileEncoding = 4; lastKnownFileType = sourcecode.c.h; path = PNMessaging.h; sourceTree = "<group>"; };
		3290172117DA5AE20041895A /* PNMessaging.m */ = {isa = PBXFileReference; fileEncoding = 4; lastKnownFileType = sourcecode.c.objc; path = PNMessaging.m; sourceTree = "<group>"; };
		3290172217DA5AE20041895A /* PNSession+Private.h */ = {isa = PBXFileReference; fileEncoding = 4; lastKnownFileType = sourcecode.c.h; path = "PNSession+Private.h"; sourceTree = "<group>"; };
		3290172317DA5AE20041895A /* PNSession.h */ = {isa = PBXFileReference; fileEncoding = 4; lastKnownFileType = sourcecode.c.h; path = PNSession.h; sourceTree = "<group>"; };
		3290172417DA5AE20041895A /* PNSession.m */ = {isa = PBXFileReference; fileEncoding = 4; lastKnownFileType = sourcecode.c.objc; path = PNSession.m; sourceTree = "<group>"; };
		3290172517DA5AE20041895A /* PNUrlProcessorDelegate.h */ = {isa = PBXFileReference; fileEncoding = 4; lastKnownFileType = sourcecode.c.h; path = PNUrlProcessorDelegate.h; sourceTree = "<group>"; };
		3290172617DA5AE20041895A /* PNUtil.h */ = {isa = PBXFileReference; fileEncoding = 4; lastKnownFileType = sourcecode.c.h; path = PNUtil.h; sourceTree = "<group>"; };
		3290172717DA5AE20041895A /* PNUtil.m */ = {isa = PBXFileReference; fileEncoding = 4; lastKnownFileType = sourcecode.c.objc; path = PNUtil.m; sourceTree = "<group>"; };
		3290172817DA5AE20041895A /* PNViewComponent.h */ = {isa = PBXFileReference; fileEncoding = 4; lastKnownFileType = sourcecode.c.h; path = PNViewComponent.h; sourceTree = "<group>"; };
		3290172917DA5AE20041895A /* PNViewComponent.m */ = {isa = PBXFileReference; fileEncoding = 4; lastKnownFileType = sourcecode.c.objc; path = PNViewComponent.m; sourceTree = "<group>"; };
		3290172A17DA5AE20041895A /* PNWebView.h */ = {isa = PBXFileReference; fileEncoding = 4; lastKnownFileType = sourcecode.c.h; path = PNWebView.h; sourceTree = "<group>"; };
		3290172B17DA5AE20041895A /* PNWebView.m */ = {isa = PBXFileReference; fileEncoding = 4; lastKnownFileType = sourcecode.c.objc; path = PNWebView.m; sourceTree = "<group>"; };
		32A7C32F17C6A36B00E959A3 /* PlaynomicsSDKTests.octest */ = {isa = PBXFileReference; explicitFileType = wrapper.cfbundle; includeInIndex = 0; path = PlaynomicsSDKTests.octest; sourceTree = BUILT_PRODUCTS_DIR; };
		32A7C33517C6A36B00E959A3 /* PlaynomicsSDKTests-Info.plist */ = {isa = PBXFileReference; lastKnownFileType = text.plist.xml; path = "PlaynomicsSDKTests-Info.plist"; sourceTree = "<group>"; };
		32A7C33717C6A36B00E959A3 /* en */ = {isa = PBXFileReference; lastKnownFileType = text.plist.strings; name = en; path = en.lproj/InfoPlist.strings; sourceTree = "<group>"; };
		32A7C33917C6A36B00E959A3 /* PNDeviceManagerTests.h */ = {isa = PBXFileReference; lastKnownFileType = sourcecode.c.h; path = PNDeviceManagerTests.h; sourceTree = "<group>"; };
		32A7C33A17C6A36B00E959A3 /* PNDeviceManagerTests.m */ = {isa = PBXFileReference; lastKnownFileType = sourcecode.c.objc; path = PNDeviceManagerTests.m; sourceTree = "<group>"; };
		32A7C33C17C6A36B00E959A3 /* PlaynomicsSDKTests-Prefix.pch */ = {isa = PBXFileReference; lastKnownFileType = sourcecode.c.h; path = "PlaynomicsSDKTests-Prefix.pch"; sourceTree = "<group>"; };
		32A7C35017C6A84300E959A3 /* libOCMock.a */ = {isa = PBXFileReference; lastKnownFileType = archive.ar; path = libOCMock.a; sourceTree = "<group>"; };
		32A7C35217C6A84300E959A3 /* NSNotificationCenter+OCMAdditions.h */ = {isa = PBXFileReference; fileEncoding = 4; lastKnownFileType = sourcecode.c.h; path = "NSNotificationCenter+OCMAdditions.h"; sourceTree = "<group>"; };
		32A7C35317C6A84300E959A3 /* OCMArg.h */ = {isa = PBXFileReference; fileEncoding = 4; lastKnownFileType = sourcecode.c.h; path = OCMArg.h; sourceTree = "<group>"; };
		32A7C35417C6A84300E959A3 /* OCMConstraint.h */ = {isa = PBXFileReference; fileEncoding = 4; lastKnownFileType = sourcecode.c.h; path = OCMConstraint.h; sourceTree = "<group>"; };
		32A7C35517C6A84300E959A3 /* OCMock.h */ = {isa = PBXFileReference; fileEncoding = 4; lastKnownFileType = sourcecode.c.h; path = OCMock.h; sourceTree = "<group>"; };
		32A7C35617C6A84300E959A3 /* OCMockObject.h */ = {isa = PBXFileReference; fileEncoding = 4; lastKnownFileType = sourcecode.c.h; path = OCMockObject.h; sourceTree = "<group>"; };
		32A7C35717C6A84300E959A3 /* OCMockRecorder.h */ = {isa = PBXFileReference; fileEncoding = 4; lastKnownFileType = sourcecode.c.h; path = OCMockRecorder.h; sourceTree = "<group>"; };
		68E6DABD17AC237900A904A8 /* AdSupport.framework */ = {isa = PBXFileReference; lastKnownFileType = wrapper.framework; name = AdSupport.framework; path = System/Library/Frameworks/AdSupport.framework; sourceTree = SDKROOT; };
		A1244E0A16A9EADF001A93DD /* dev.xcconfig */ = {isa = PBXFileReference; lastKnownFileType = text.xcconfig; path = dev.xcconfig; sourceTree = "<group>"; };
		A1822F8116B0691300414EF1 /* QuartzCore.framework */ = {isa = PBXFileReference; lastKnownFileType = wrapper.framework; name = QuartzCore.framework; path = System/Library/Frameworks/QuartzCore.framework; sourceTree = SDKROOT; };
		A1822F8316B069B900414EF1 /* CoreGraphics.framework */ = {isa = PBXFileReference; lastKnownFileType = wrapper.framework; name = CoreGraphics.framework; path = System/Library/Frameworks/CoreGraphics.framework; sourceTree = SDKROOT; };
		D1D922701590F59600EDDE17 /* libiosapi.a */ = {isa = PBXFileReference; explicitFileType = archive.ar; includeInIndex = 0; path = libiosapi.a; sourceTree = BUILT_PRODUCTS_DIR; };
		D1D922731590F59600EDDE17 /* Foundation.framework */ = {isa = PBXFileReference; lastKnownFileType = wrapper.framework; name = Foundation.framework; path = System/Library/Frameworks/Foundation.framework; sourceTree = SDKROOT; };
		D1D922811590F59700EDDE17 /* SenTestingKit.framework */ = {isa = PBXFileReference; lastKnownFileType = wrapper.framework; name = SenTestingKit.framework; path = Library/Frameworks/SenTestingKit.framework; sourceTree = DEVELOPER_DIR; };
		D1D922831590F59700EDDE17 /* UIKit.framework */ = {isa = PBXFileReference; lastKnownFileType = wrapper.framework; name = UIKit.framework; path = Library/Frameworks/UIKit.framework; sourceTree = DEVELOPER_DIR; };
/* End PBXFileReference section */

/* Begin PBXFrameworksBuildPhase section */
		32A7C32B17C6A36B00E959A3 /* Frameworks */ = {
			isa = PBXFrameworksBuildPhase;
			buildActionMask = 2147483647;
			files = (
				3290166217CC390B0041895A /* libiosapi.a in Frameworks */,
				3271CCEB17C7CF4400E96C22 /* AdSupport.framework in Frameworks */,
				32A7C33017C6A36B00E959A3 /* SenTestingKit.framework in Frameworks */,
				32A7C33117C6A36B00E959A3 /* UIKit.framework in Frameworks */,
				32A7C33217C6A36B00E959A3 /* Foundation.framework in Frameworks */,
			);
			runOnlyForDeploymentPostprocessing = 0;
		};
		D1D9226D1590F59600EDDE17 /* Frameworks */ = {
			isa = PBXFrameworksBuildPhase;
			buildActionMask = 2147483647;
			files = (
				D1D922741590F59700EDDE17 /* Foundation.framework in Frameworks */,
			);
			runOnlyForDeploymentPostprocessing = 0;
		};
/* End PBXFrameworksBuildPhase section */

/* Begin PBXGroup section */
		3290166717CD0B740041895A /* Mocks */ = {
			isa = PBXGroup;
			children = (
				3290166817CD0BAC0041895A /* StubPNCache.h */,
				3290166917CD0BAC0041895A /* StubPNCache.m */,
				329016A717D01A300041895A /* StubPNEventApiClient.h */,
				329016A817D01A300041895A /* StubPNEventApiClient.m */,
				329016AB17D11E480041895A /* StubDeviceToken.h */,
				329016AC17D11E490041895A /* StubDeviceToken.m */,
			);
			name = Mocks;
			sourceTree = "<group>";
		};
		329016E917DA5AE20041895A /* PlaynomicsSDK */ = {
			isa = PBXGroup;
			children = (
				329016EA17DA5AE20041895A /* iosapi-Prefix.pch */,
				329016EC17DA5AE20041895A /* Playnomics.m */,
				329016F717DA5AE20041895A /* PNConfig.h */,
				329016F817DA5AE20041895A /* PNConstants.h */,
				3290176F17DA5BB40041895A /* Client */,
				3290177217DA5C0A0041895A /* Events */,
				3290177117DA5BDB0041895A /* Session */,
				3290177017DA5BCD0041895A /* Util */,
				3290176E17DA5BAF0041895A /* Messaging */,
			);
			path = PlaynomicsSDK;
			sourceTree = "<group>";
		};
		3290176E17DA5BAF0041895A /* Messaging */ = {
			isa = PBXGroup;
			children = (
				3290171417DA5AE20041895A /* PNFrame.h */,
				3290171517DA5AE20041895A /* PNFrame.m */,
				3290171A17DA5AE20041895A /* PNImage.h */,
				3290171B17DA5AE20041895A /* PNImage.m */,
				3290172017DA5AE20041895A /* PNMessaging.h */,
				3290172117DA5AE20041895A /* PNMessaging.m */,
				3290172817DA5AE20041895A /* PNViewComponent.h */,
				3290172917DA5AE20041895A /* PNViewComponent.m */,
				3290172A17DA5AE20041895A /* PNWebView.h */,
				3290172B17DA5AE20041895A /* PNWebView.m */,
			);
			name = Messaging;
			sourceTree = "<group>";
		};
		3290176F17DA5BB40041895A /* Client */ = {
			isa = PBXGroup;
			children = (
				329016FE17DA5AE20041895A /* PNEventApiClient.h */,
				329016FF17DA5AE20041895A /* PNEventApiClient.m */,
				3290170C17DA5AE20041895A /* PNEventRequestOperation.h */,
				3290170D17DA5AE20041895A /* PNEventRequestOperation.m */,
				329016EE17DA5AE20041895A /* PNAssetRequest.h */,
				329016EF17DA5AE20041895A /* PNAssetRequest.m */,
				3290172517DA5AE20041895A /* PNUrlProcessorDelegate.h */,
			);
			name = Client;
			sourceTree = "<group>";
		};
		3290177017DA5BCD0041895A /* Util */ = {
			isa = PBXGroup;
			children = (
				3290172617DA5AE20041895A /* PNUtil.h */,
				3290172717DA5AE20041895A /* PNUtil.m */,
				3290171F17DA5AE20041895A /* PNLogger.m */,
				329016F917DA5AE20041895A /* PNDeviceManager+Private.h */,
				329016FA17DA5AE20041895A /* PNDeviceManager.h */,
				329016FB17DA5AE20041895A /* PNDeviceManager.m */,
				329016F017DA5AE20041895A /* PNCache+Private.h */,
				329016F117DA5AE20041895A /* PNCache.h */,
				329016F217DA5AE20041895A /* PNCache.m */,
				329016F317DA5AE20041895A /* PNConcurrentQueue.h */,
				329016F417DA5AE20041895A /* PNConcurrentQueue.m */,
				329016F517DA5AE20041895A /* PNConcurrentSet.h */,
				329016F617DA5AE20041895A /* PNConcurrentSet.m */,
				3290171817DA5AE20041895A /* PNGeneratedHexId.h */,
				3290171917DA5AE20041895A /* PNGeneratedHexId.m */,
			);
			name = Util;
			sourceTree = "<group>";
		};
		3290177117DA5BDB0041895A /* Session */ = {
			isa = PBXGroup;
			children = (
				3290171617DA5AE20041895A /* PNGameSessionInfo.h */,
				3290171717DA5AE20041895A /* PNGameSessionInfo.m */,
				329016ED17DA5AE20041895A /* PNApplication.m */,
				3290172217DA5AE20041895A /* PNSession+Private.h */,
				3290172317DA5AE20041895A /* PNSession.h */,
				3290172417DA5AE20041895A /* PNSession.m */,
			);
			name = Session;
			sourceTree = "<group>";
		};
		3290177217DA5C0A0041895A /* Events */ = {
			isa = PBXGroup;
			children = (
				329016FC17DA5AE20041895A /* PNEvent.h */,
				329016FD17DA5AE20041895A /* PNEvent.m */,
				3290170017DA5AE20041895A /* PNEventAppPage.h */,
				3290170117DA5AE20041895A /* PNEventAppPage.m */,
				3290170217DA5AE20041895A /* PNEventAppPause.h */,
				3290170317DA5AE20041895A /* PNEventAppPause.m */,
				3290170417DA5AE20041895A /* PNEventAppResume.h */,
				3290170517DA5AE20041895A /* PNEventAppResume.m */,
				3290170617DA5AE20041895A /* PNEventAppRunning.h */,
				3290170717DA5AE20041895A /* PNEventAppRunning.m */,
				3290170817DA5AE20041895A /* PNEventAppStart.h */,
				3290170917DA5AE20041895A /* PNEventAppStart.m */,
				3290170A17DA5AE20041895A /* PNEventMilestone.h */,
				3290170B17DA5AE20041895A /* PNEventMilestone.m */,
				3290170E17DA5AE20041895A /* PNEventTransaction.h */,
				3290170F17DA5AE20041895A /* PNEventTransaction.m */,
				3290171017DA5AE20041895A /* PNEventUserInfo.h */,
				3290171117DA5AE20041895A /* PNEventUserInfo.m */,
				3290171217DA5AE20041895A /* PNExplicitEvent.h */,
				3290171317DA5AE20041895A /* PNExplicitEvent.m */,
				3290171C17DA5AE20041895A /* PNImplicitEvent.h */,
				3290171D17DA5AE20041895A /* PNImplicitEvent.m */,
			);
			name = Events;
			sourceTree = "<group>";
		};
		32A7C33317C6A36B00E959A3 /* PlaynomicsSDKTests */ = {
			isa = PBXGroup;
			children = (
				32A7C33417C6A36B00E959A3 /* Supporting Files */,
				3290166717CD0B740041895A /* Mocks */,
				32A7C33917C6A36B00E959A3 /* PNDeviceManagerTests.h */,
				32A7C33A17C6A36B00E959A3 /* PNDeviceManagerTests.m */,
				3290166B17CD22420041895A /* PNUtilTests.h */,
				3290166C17CD22420041895A /* PNUtilTests.m */,
				3290167417CDAE740041895A /* PNGeneratedHexIdTests.h */,
				3290167517CDAE740041895A /* PNGeneratedHexIdTests.m */,
				329016A417D019770041895A /* PNSessionTests.h */,
				329016A517D019770041895A /* PNSessionTests.m */,
				329016AE17D126D00041895A /* PNEventTests.h */,
				329016AF17D126D10041895A /* PNEventTests.m */,
				329016B617D9196A0041895A /* PNEventApiClientTests.h */,
				329016B717D9196A0041895A /* PNEventApiClientTests.m */,
			);
			path = PlaynomicsSDKTests;
			sourceTree = "<group>";
		};
		32A7C33417C6A36B00E959A3 /* Supporting Files */ = {
			isa = PBXGroup;
			children = (
				32A7C33517C6A36B00E959A3 /* PlaynomicsSDKTests-Info.plist */,
				32A7C33617C6A36B00E959A3 /* InfoPlist.strings */,
				32A7C33C17C6A36B00E959A3 /* PlaynomicsSDKTests-Prefix.pch */,
			);
			name = "Supporting Files";
			sourceTree = "<group>";
		};
		32A7C34217C6A7DE00E959A3 /* Libraries */ = {
			isa = PBXGroup;
			children = (
				32A7C35017C6A84300E959A3 /* libOCMock.a */,
				32A7C35117C6A84300E959A3 /* OCMock */,
			);
			path = Libraries;
			sourceTree = "<group>";
		};
		32A7C35117C6A84300E959A3 /* OCMock */ = {
			isa = PBXGroup;
			children = (
				32A7C35517C6A84300E959A3 /* OCMock.h */,
				32A7C35217C6A84300E959A3 /* NSNotificationCenter+OCMAdditions.h */,
				32A7C35317C6A84300E959A3 /* OCMArg.h */,
				32A7C35417C6A84300E959A3 /* OCMConstraint.h */,
				32A7C35617C6A84300E959A3 /* OCMockObject.h */,
				32A7C35717C6A84300E959A3 /* OCMockRecorder.h */,
			);
			path = OCMock;
			sourceTree = "<group>";
		};
		A14DA13916DFFD230040B507 /* public */ = {
			isa = PBXGroup;
			children = (
				3290171E17DA5AE20041895A /* PNLogger.h */,
				329016EB17DA5AE20041895A /* Playnomics.h */,
				A1244E0A16A9EADF001A93DD /* dev.xcconfig */,
			);
			name = public;
			sourceTree = "<group>";
		};
		D1D922651590F59500EDDE17 = {
			isa = PBXGroup;
			children = (
				32A7C34217C6A7DE00E959A3 /* Libraries */,
				A14DA13916DFFD230040B507 /* public */,
				329016E917DA5AE20041895A /* PlaynomicsSDK */,
				32A7C33317C6A36B00E959A3 /* PlaynomicsSDKTests */,
				D1D922721590F59600EDDE17 /* Frameworks */,
				D1D922711590F59600EDDE17 /* Products */,
			);
			sourceTree = "<group>";
		};
		D1D922711590F59600EDDE17 /* Products */ = {
			isa = PBXGroup;
			children = (
				D1D922701590F59600EDDE17 /* libiosapi.a */,
				32A7C32F17C6A36B00E959A3 /* PlaynomicsSDKTests.octest */,
			);
			name = Products;
			sourceTree = "<group>";
		};
		D1D922721590F59600EDDE17 /* Frameworks */ = {
			isa = PBXGroup;
			children = (
				68E6DABD17AC237900A904A8 /* AdSupport.framework */,
				A1822F8316B069B900414EF1 /* CoreGraphics.framework */,
				A1822F8116B0691300414EF1 /* QuartzCore.framework */,
				D1D922731590F59600EDDE17 /* Foundation.framework */,
				D1D922811590F59700EDDE17 /* SenTestingKit.framework */,
				D1D922831590F59700EDDE17 /* UIKit.framework */,
			);
			name = Frameworks;
			sourceTree = "<group>";
		};
/* End PBXGroup section */

/* Begin PBXHeadersBuildPhase section */
		D1D9226E1590F59600EDDE17 /* Headers */ = {
			isa = PBXHeadersBuildPhase;
			buildActionMask = 2147483647;
			files = (
				3290172D17DA5AE20041895A /* Playnomics.h in Headers */,
				3290176017DA5AE20041895A /* PNLogger.h in Headers */,
				3290172C17DA5AE20041895A /* iosapi-Prefix.pch in Headers */,
				3290173017DA5AE20041895A /* PNAssetRequest.h in Headers */,
				3290173217DA5AE20041895A /* PNCache+Private.h in Headers */,
				3290173317DA5AE20041895A /* PNCache.h in Headers */,
				3290173517DA5AE20041895A /* PNConcurrentQueue.h in Headers */,
				3290173717DA5AE20041895A /* PNConcurrentSet.h in Headers */,
				3290173917DA5AE20041895A /* PNConfig.h in Headers */,
				3290173A17DA5AE20041895A /* PNConstants.h in Headers */,
				3290173B17DA5AE20041895A /* PNDeviceManager+Private.h in Headers */,
				3290173C17DA5AE20041895A /* PNDeviceManager.h in Headers */,
				3290173E17DA5AE20041895A /* PNEvent.h in Headers */,
				3290174017DA5AE20041895A /* PNEventApiClient.h in Headers */,
				3290174217DA5AE20041895A /* PNEventAppPage.h in Headers */,
				3290174417DA5AE20041895A /* PNEventAppPause.h in Headers */,
				3290174617DA5AE20041895A /* PNEventAppResume.h in Headers */,
				3290174817DA5AE20041895A /* PNEventAppRunning.h in Headers */,
				3290174A17DA5AE20041895A /* PNEventAppStart.h in Headers */,
				3290174C17DA5AE20041895A /* PNEventMilestone.h in Headers */,
				3290174E17DA5AE20041895A /* PNEventRequestOperation.h in Headers */,
				3290175017DA5AE20041895A /* PNEventTransaction.h in Headers */,
				3290175217DA5AE20041895A /* PNEventUserInfo.h in Headers */,
				3290175417DA5AE20041895A /* PNExplicitEvent.h in Headers */,
				3290175617DA5AE20041895A /* PNFrame.h in Headers */,
				3290175817DA5AE20041895A /* PNGameSessionInfo.h in Headers */,
				3290175A17DA5AE20041895A /* PNGeneratedHexId.h in Headers */,
				3290175C17DA5AE20041895A /* PNImage.h in Headers */,
				3290175E17DA5AE20041895A /* PNImplicitEvent.h in Headers */,
				3290176217DA5AE20041895A /* PNMessaging.h in Headers */,
				3290176417DA5AE20041895A /* PNSession+Private.h in Headers */,
				3290176517DA5AE20041895A /* PNSession.h in Headers */,
				3290176717DA5AE20041895A /* PNUrlProcessorDelegate.h in Headers */,
				3290176817DA5AE20041895A /* PNUtil.h in Headers */,
				3290176A17DA5AE20041895A /* PNViewComponent.h in Headers */,
				3290176C17DA5AE20041895A /* PNWebView.h in Headers */,
			);
			runOnlyForDeploymentPostprocessing = 0;
		};
/* End PBXHeadersBuildPhase section */

/* Begin PBXNativeTarget section */
		32A7C32E17C6A36B00E959A3 /* PlaynomicsSDKTests */ = {
			isa = PBXNativeTarget;
			buildConfigurationList = 32A7C33D17C6A36B00E959A3 /* Build configuration list for PBXNativeTarget "PlaynomicsSDKTests" */;
			buildPhases = (
				32A7C32A17C6A36B00E959A3 /* Sources */,
				32A7C32B17C6A36B00E959A3 /* Frameworks */,
				32A7C32C17C6A36B00E959A3 /* Resources */,
				32A7C32D17C6A36B00E959A3 /* ShellScript */,
			);
			buildRules = (
			);
			dependencies = (
			);
			name = PlaynomicsSDKTests;
			productName = PlaynomicsSDKTests;
			productReference = 32A7C32F17C6A36B00E959A3 /* PlaynomicsSDKTests.octest */;
			productType = "com.apple.product-type.bundle";
		};
		D1D9226F1590F59600EDDE17 /* iosapi */ = {
			isa = PBXNativeTarget;
			buildConfigurationList = D1D922941590F59700EDDE17 /* Build configuration list for PBXNativeTarget "iosapi" */;
			buildPhases = (
				D1D9226C1590F59600EDDE17 /* Sources */,
				D1D9226D1590F59600EDDE17 /* Frameworks */,
				D1D9226E1590F59600EDDE17 /* Headers */,
			);
			buildRules = (
			);
			dependencies = (
			);
			name = iosapi;
			productName = iosapi;
			productReference = D1D922701590F59600EDDE17 /* libiosapi.a */;
			productType = "com.apple.product-type.library.static";
		};
/* End PBXNativeTarget section */

/* Begin PBXProject section */
		D1D922671590F59500EDDE17 /* Project object */ = {
			isa = PBXProject;
			attributes = {
				LastUpgradeCheck = 0460;
			};
			buildConfigurationList = D1D9226A1590F59500EDDE17 /* Build configuration list for PBXProject "iosapi" */;
			compatibilityVersion = "Xcode 3.2";
			developmentRegion = English;
			hasScannedForEncodings = 0;
			knownRegions = (
				en,
			);
			mainGroup = D1D922651590F59500EDDE17;
			productRefGroup = D1D922711590F59600EDDE17 /* Products */;
			projectDirPath = "";
			projectRoot = "";
			targets = (
				D1D9226F1590F59600EDDE17 /* iosapi */,
				32A7C32E17C6A36B00E959A3 /* PlaynomicsSDKTests */,
			);
		};
/* End PBXProject section */

/* Begin PBXResourcesBuildPhase section */
		32A7C32C17C6A36B00E959A3 /* Resources */ = {
			isa = PBXResourcesBuildPhase;
			buildActionMask = 2147483647;
			files = (
				32A7C33817C6A36B00E959A3 /* InfoPlist.strings in Resources */,
			);
			runOnlyForDeploymentPostprocessing = 0;
		};
/* End PBXResourcesBuildPhase section */

/* Begin PBXShellScriptBuildPhase section */
		32A7C32D17C6A36B00E959A3 /* ShellScript */ = {
			isa = PBXShellScriptBuildPhase;
			buildActionMask = 2147483647;
			files = (
			);
			inputPaths = (
			);
			outputPaths = (
			);
			runOnlyForDeploymentPostprocessing = 0;
			shellPath = /bin/sh;
			shellScript = "# Run the unit tests in this test bundle.\n\"${SYSTEM_DEVELOPER_DIR}/Tools/RunUnitTests\"\n";
		};
/* End PBXShellScriptBuildPhase section */

/* Begin PBXSourcesBuildPhase section */
		32A7C32A17C6A36B00E959A3 /* Sources */ = {
			isa = PBXSourcesBuildPhase;
			buildActionMask = 2147483647;
			files = (
				32A7C33B17C6A36B00E959A3 /* PNDeviceManagerTests.m in Sources */,
				3290166A17CD0BAC0041895A /* StubPNCache.m in Sources */,
				3290166D17CD22420041895A /* PNUtilTests.m in Sources */,
				3290167617CDAE750041895A /* PNGeneratedHexIdTests.m in Sources */,
				329016A617D019770041895A /* PNSessionTests.m in Sources */,
				329016A917D01A300041895A /* StubPNEventApiClient.m in Sources */,
				329016AD17D11E490041895A /* StubDeviceToken.m in Sources */,
				329016B017D126D20041895A /* PNEventTests.m in Sources */,
				329016B817D9196C0041895A /* PNEventApiClientTests.m in Sources */,
			);
			runOnlyForDeploymentPostprocessing = 0;
		};
		D1D9226C1590F59600EDDE17 /* Sources */ = {
			isa = PBXSourcesBuildPhase;
			buildActionMask = 2147483647;
			files = (
				3290172E17DA5AE20041895A /* Playnomics.m in Sources */,
				3290172F17DA5AE20041895A /* PNApplication.m in Sources */,
				3290173117DA5AE20041895A /* PNAssetRequest.m in Sources */,
				3290173417DA5AE20041895A /* PNCache.m in Sources */,
				3290173617DA5AE20041895A /* PNConcurrentQueue.m in Sources */,
				3290173817DA5AE20041895A /* PNConcurrentSet.m in Sources */,
				3290173D17DA5AE20041895A /* PNDeviceManager.m in Sources */,
				3290173F17DA5AE20041895A /* PNEvent.m in Sources */,
				3290174117DA5AE20041895A /* PNEventApiClient.m in Sources */,
				3290174317DA5AE20041895A /* PNEventAppPage.m in Sources */,
				3290174517DA5AE20041895A /* PNEventAppPause.m in Sources */,
				3290174717DA5AE20041895A /* PNEventAppResume.m in Sources */,
				3290174917DA5AE20041895A /* PNEventAppRunning.m in Sources */,
				3290174B17DA5AE20041895A /* PNEventAppStart.m in Sources */,
				3290174D17DA5AE20041895A /* PNEventMilestone.m in Sources */,
				3290174F17DA5AE20041895A /* PNEventRequestOperation.m in Sources */,
				3290175117DA5AE20041895A /* PNEventTransaction.m in Sources */,
				3290175317DA5AE20041895A /* PNEventUserInfo.m in Sources */,
				3290175517DA5AE20041895A /* PNExplicitEvent.m in Sources */,
				3290175717DA5AE20041895A /* PNFrame.m in Sources */,
				3290175917DA5AE20041895A /* PNGameSessionInfo.m in Sources */,
				3290175B17DA5AE20041895A /* PNGeneratedHexId.m in Sources */,
				3290175D17DA5AE20041895A /* PNImage.m in Sources */,
				3290175F17DA5AE20041895A /* PNImplicitEvent.m in Sources */,
				3290176117DA5AE20041895A /* PNLogger.m in Sources */,
				3290176317DA5AE20041895A /* PNMessaging.m in Sources */,
				3290176617DA5AE20041895A /* PNSession.m in Sources */,
				3290176917DA5AE20041895A /* PNUtil.m in Sources */,
				3290176B17DA5AE20041895A /* PNViewComponent.m in Sources */,
				3290176D17DA5AE20041895A /* PNWebView.m in Sources */,
			);
			runOnlyForDeploymentPostprocessing = 0;
		};
/* End PBXSourcesBuildPhase section */

/* Begin PBXVariantGroup section */
		32A7C33617C6A36B00E959A3 /* InfoPlist.strings */ = {
			isa = PBXVariantGroup;
			children = (
				32A7C33717C6A36B00E959A3 /* en */,
			);
			name = InfoPlist.strings;
			sourceTree = "<group>";
		};
/* End PBXVariantGroup section */

/* Begin XCBuildConfiguration section */
		32A7C33E17C6A36B00E959A3 /* Debug */ = {
			isa = XCBuildConfiguration;
			buildSettings = {
				CLANG_CXX_LANGUAGE_STANDARD = "gnu++0x";
				CLANG_CXX_LIBRARY = "libc++";
				CLANG_WARN_EMPTY_BODY = YES;
				FRAMEWORK_SEARCH_PATHS = (
					"\"$(SDKROOT)/Developer/Library/Frameworks\"",
					"\"$(DEVELOPER_LIBRARY_DIR)/Frameworks\"",
				);
				GCC_PRECOMPILE_PREFIX_HEADER = YES;
				GCC_PREFIX_HEADER = "PlaynomicsSDKTests/PlaynomicsSDKTests-Prefix.pch";
				GCC_SYMBOLS_PRIVATE_EXTERN = NO;
				INFOPLIST_FILE = "PlaynomicsSDKTests/PlaynomicsSDKTests-Info.plist";
				IPHONEOS_DEPLOYMENT_TARGET = 6.1;
				LIBRARY_SEARCH_PATHS = (
					"$(inherited)",
					"\"$(SRCROOT)/Libraries\"/**",
				);
				ONLY_ACTIVE_ARCH = YES;
				OTHER_LDFLAGS = (
					"-ObjC",
					"-force_load",
					"$(PROJECT_DIR)/Libraries/libOCMock.a",
				);
				"OTHER_LDFLAGS[arch=*]" = (
					"-ObjC",
					"-force_load",
					"$(PROJECT_DIR)/Libraries/libOCMock.a",
				);
				PRODUCT_NAME = "$(TARGET_NAME)";
				WRAPPER_EXTENSION = octest;
			};
			name = Debug;
		};
		32A7C33F17C6A36B00E959A3 /* Release */ = {
			isa = XCBuildConfiguration;
			buildSettings = {
				CLANG_CXX_LANGUAGE_STANDARD = "gnu++0x";
				CLANG_CXX_LIBRARY = "libc++";
				CLANG_WARN_EMPTY_BODY = YES;
				FRAMEWORK_SEARCH_PATHS = (
					"\"$(SDKROOT)/Developer/Library/Frameworks\"",
					"\"$(DEVELOPER_LIBRARY_DIR)/Frameworks\"",
				);
				GCC_PRECOMPILE_PREFIX_HEADER = YES;
				GCC_PREFIX_HEADER = "PlaynomicsSDKTests/PlaynomicsSDKTests-Prefix.pch";
				INFOPLIST_FILE = "PlaynomicsSDKTests/PlaynomicsSDKTests-Info.plist";
				IPHONEOS_DEPLOYMENT_TARGET = 6.1;
				LIBRARY_SEARCH_PATHS = (
					"$(inherited)",
					"\"$(SRCROOT)/Libraries\"/**",
				);
				OTHER_LDFLAGS = (
					"-ObjC",
					"-force_load",
					"$(PROJECT_DIR)/Libraries/libOCMock.a",
				);
				PRODUCT_NAME = "$(TARGET_NAME)";
				WRAPPER_EXTENSION = octest;
			};
			name = Release;
		};
		D1D922921590F59700EDDE17 /* Debug */ = {
			isa = XCBuildConfiguration;
			buildSettings = {
				ALWAYS_SEARCH_USER_PATHS = NO;
				ARCHS = "$(ARCHS_STANDARD_32_BIT)";
				CLANG_ENABLE_OBJC_ARC = NO;
				CLANG_WARN_CONSTANT_CONVERSION = YES;
				CLANG_WARN_ENUM_CONVERSION = YES;
				CLANG_WARN_INT_CONVERSION = YES;
				CLANG_WARN__DUPLICATE_METHOD_MATCH = YES;
				COPY_PHASE_STRIP = NO;
				GCC_C_LANGUAGE_STANDARD = gnu99;
				GCC_DYNAMIC_NO_PIC = NO;
				GCC_OPTIMIZATION_LEVEL = 0;
				GCC_PREPROCESSOR_DEFINITIONS = (
					"DEBUG=1",
					"$(inherited)",
				);
				GCC_SYMBOLS_PRIVATE_EXTERN = YES;
				GCC_THUMB_SUPPORT = NO;
				GCC_VERSION = com.apple.compilers.llvm.clang.1_0;
				GCC_WARN_ABOUT_MISSING_PROTOTYPES = YES;
				GCC_WARN_ABOUT_RETURN_TYPE = YES;
				GCC_WARN_UNINITIALIZED_AUTOS = YES;
				GCC_WARN_UNUSED_VARIABLE = YES;
				IPHONEOS_DEPLOYMENT_TARGET = 5.0;
				SDKROOT = iphoneos;
				TARGETED_DEVICE_FAMILY = "1,2";
				VALID_ARCHS = "armv7 i386 armv7s";
			};
			name = Debug;
		};
		D1D922931590F59700EDDE17 /* Release */ = {
			isa = XCBuildConfiguration;
			buildSettings = {
				ALWAYS_SEARCH_USER_PATHS = NO;
				ARCHS = "$(ARCHS_STANDARD_32_BIT)";
				CLANG_ENABLE_OBJC_ARC = NO;
				CLANG_WARN_CONSTANT_CONVERSION = YES;
				CLANG_WARN_ENUM_CONVERSION = YES;
				CLANG_WARN_INT_CONVERSION = YES;
				CLANG_WARN__DUPLICATE_METHOD_MATCH = YES;
				COPY_PHASE_STRIP = YES;
				GCC_C_LANGUAGE_STANDARD = gnu99;
				GCC_SYMBOLS_PRIVATE_EXTERN = YES;
				GCC_THUMB_SUPPORT = NO;
				GCC_VERSION = com.apple.compilers.llvm.clang.1_0;
				GCC_WARN_ABOUT_MISSING_PROTOTYPES = YES;
				GCC_WARN_ABOUT_RETURN_TYPE = YES;
				GCC_WARN_UNINITIALIZED_AUTOS = YES;
				GCC_WARN_UNUSED_VARIABLE = YES;
				IPHONEOS_DEPLOYMENT_TARGET = 5.0;
				SDKROOT = iphoneos;
				TARGETED_DEVICE_FAMILY = "1,2";
				VALIDATE_PRODUCT = YES;
				VALID_ARCHS = "armv7 i386 armv7s";
			};
			name = Release;
		};
		D1D922951590F59700EDDE17 /* Debug */ = {
			isa = XCBuildConfiguration;
			buildSettings = {
				ARCHS = "$(ARCHS_STANDARD_32_BIT)";
				CODE_SIGN_IDENTITY = "iPhone Developer";
				COPY_PHASE_STRIP = NO;
				DSTROOT = /tmp/iosapi.dst;
				GCC_ENABLE_CPP_EXCEPTIONS = NO;
				GCC_GENERATE_DEBUGGING_SYMBOLS = YES;
				GCC_PRECOMPILE_PREFIX_HEADER = YES;
				GCC_PREFIX_HEADER = "PlaynomicsSDK/iosapi-Prefix.pch";
				GCC_THUMB_SUPPORT = NO;
				HEADER_SEARCH_PATHS = "";
				IPHONEOS_DEPLOYMENT_TARGET = 5.0;
				LIBRARY_SEARCH_PATHS = (
					"$(inherited)",
					"\"$(SRCROOT)/Libraries\"",
				);
				"LIBRARY_SEARCH_PATHS[arch=*]" = (
					"$(inherited)",
					"\"$(SRCROOT)/Libraries\"",
				);
				OTHER_LDFLAGS = "-ObjC";
				PRODUCT_NAME = "$(TARGET_NAME)";
				PROVISIONING_PROFILE = "";
				SKIP_INSTALL = YES;
				STRIP_INSTALLED_PRODUCT = YES;
				VALID_ARCHS = "armv7 armv7s i386";
			};
			name = Debug;
		};
		D1D922961590F59700EDDE17 /* Release */ = {
			isa = XCBuildConfiguration;
			buildSettings = {
				ARCHS = "$(ARCHS_STANDARD_32_BIT)";
				CODE_SIGN_IDENTITY = "iPhone Developer";
				COPY_PHASE_STRIP = YES;
				DSTROOT = /tmp/iosapi.dst;
				GCC_ENABLE_CPP_EXCEPTIONS = NO;
				GCC_GENERATE_DEBUGGING_SYMBOLS = NO;
				GCC_PRECOMPILE_PREFIX_HEADER = YES;
				GCC_PREFIX_HEADER = "PlaynomicsSDK/iosapi-Prefix.pch";
				GCC_THUMB_SUPPORT = NO;
				HEADER_SEARCH_PATHS = "";
				IPHONEOS_DEPLOYMENT_TARGET = 5.0;
				LIBRARY_SEARCH_PATHS = (
					"$(inherited)",
					"\"$(SRCROOT)/Libraries\"",
				);
				OTHER_LDFLAGS = "-ObjC";
				PRODUCT_NAME = "$(TARGET_NAME)";
				PROVISIONING_PROFILE = "";
				SKIP_INSTALL = YES;
				STRIP_INSTALLED_PRODUCT = YES;
				VALID_ARCHS = "armv7 armv7s i386";
			};
			name = Release;
		};
/* End XCBuildConfiguration section */

/* Begin XCConfigurationList section */
		32A7C33D17C6A36B00E959A3 /* Build configuration list for PBXNativeTarget "PlaynomicsSDKTests" */ = {
			isa = XCConfigurationList;
			buildConfigurations = (
				32A7C33E17C6A36B00E959A3 /* Debug */,
				32A7C33F17C6A36B00E959A3 /* Release */,
			);
			defaultConfigurationIsVisible = 0;
			defaultConfigurationName = Release;
		};
		D1D9226A1590F59500EDDE17 /* Build configuration list for PBXProject "iosapi" */ = {
			isa = XCConfigurationList;
			buildConfigurations = (
				D1D922921590F59700EDDE17 /* Debug */,
				D1D922931590F59700EDDE17 /* Release */,
			);
			defaultConfigurationIsVisible = 0;
			defaultConfigurationName = Release;
		};
		D1D922941590F59700EDDE17 /* Build configuration list for PBXNativeTarget "iosapi" */ = {
			isa = XCConfigurationList;
			buildConfigurations = (
				D1D922951590F59700EDDE17 /* Debug */,
				D1D922961590F59700EDDE17 /* Release */,
			);
			defaultConfigurationIsVisible = 0;
			defaultConfigurationName = Release;
		};
/* End XCConfigurationList section */
	};
	rootObject = D1D922671590F59500EDDE17 /* Project object */;
}
